
Microsoft Visual Studio Solution File, Format Version 12.00
Project("{FAE04EC0-301F-11D3-BF4B-00C04F79EFBC}") = "_1480_Running_Sum_Of_1d_Array", "_1480_Running_Sum_Of_1d_Array\_1480_Running_Sum_Of_1d_Array.csproj", "{08E826E7-9E00-4091-A571-1B57650D6BA6}"
EndProject
Project("{FAE04EC0-301F-11D3-BF4B-00C04F79EFBC}") = "_1672_Richest_Customer_Wealth", "_1672_Richest_Customer_Wealth\_1672_Richest_Customer_Wealth.csproj", "{BC012BF2-2969-4674-B150-FD6A15F62AAA}"
EndProject
Project("{2150E333-8FDC-42A3-9474-1A3956D46DE8}") = "readme", "readme", "{97CB26CE-DDFE-4C5D-8A55-6527007F4F4A}"
	ProjectSection(SolutionItems) = preProject
		..\README.md = ..\README.md
	EndProjectSection
EndProject
Project("{FAE04EC0-301F-11D3-BF4B-00C04F79EFBC}") = "_412_Fizz_Buzz", "_412_Fizz_Buzz\_412_Fizz_Buzz.csproj", "{E2DAFFAD-371E-4162-B600-2C51777722F0}"
EndProject
Project("{FAE04EC0-301F-11D3-BF4B-00C04F79EFBC}") = "_1342_Number_Of_Steps_To_Reduce_A_Number_To_Zero", "_1342_Number_Of_Steps_To_Reduce_A_Number_To_Zero\_1342_Number_Of_Steps_To_Reduce_A_Number_To_Zero.csproj", "{63E3D535-3649-4834-9895-788BA0274B31}"
EndProject
Project("{FAE04EC0-301F-11D3-BF4B-00C04F79EFBC}") = "_876_Middle_Of_The_Linked_List", "_876_Middle_Of_The_Linked_List\_876_Middle_Of_The_Linked_List.csproj", "{15CF6104-B362-405E-9DD4-F2815EA51A06}"
EndProject
Project("{FAE04EC0-301F-11D3-BF4B-00C04F79EFBC}") = "_443_String_Compression", "_443_String_Compression\_443_String_Compression.csproj", "{C5EED2E2-FEEC-442B-BF0E-5E5B1F79B77D}"
EndProject
Project("{FAE04EC0-301F-11D3-BF4B-00C04F79EFBC}") = "_383_Ransom_Note", "_383_Ransom_Note\_383_Ransom_Note.csproj", "{F644D42F-851F-4753-93B8-257A283EEC44}"
EndProject
Project("{FAE04EC0-301F-11D3-BF4B-00C04F79EFBC}") = "_9_Palindrome_Number", "_9_Palindrome_Number\_9_Palindrome_Number.csproj", "{2EDFEDAE-EC20-4CDC-8147-988A0FBE3A45}"
EndProject
Project("{FAE04EC0-301F-11D3-BF4B-00C04F79EFBC}") = "_3079_Find_the_Sum_of_Encrypted_Integers", "_3079_Find_the_Sum_of_Encrypted_Integers\_3079_Find_the_Sum_of_Encrypted_Integers.csproj", "{045956EC-C9F2-4A84-BE06-C7BEC5533CE5}"
EndProject
Project("{FAE04EC0-301F-11D3-BF4B-00C04F79EFBC}") = "_2114_Maximum_Number_of_Words_Found_in_Sentences", "_2114_Maximum_Number_of_Words_Found_in_Sentences\_2114_Maximum_Number_of_Words_Found_in_Sentences.csproj", "{18D9E3BC-3A35-49A3-B005-E2D4760E99B1}"
EndProject
Project("{FAE04EC0-301F-11D3-BF4B-00C04F79EFBC}") = "_2427_Number_of_Common_Factors", "_2427_Number_of_Common_Factors\_2427_Number_of_Common_Factors.csproj", "{00C11C28-3F35-437B-98AD-3698380F3550}"
EndProject
Project("{FAE04EC0-301F-11D3-BF4B-00C04F79EFBC}") = "_2_Add_Two_Numbers", "_2_Add_Two_Numbers\_2_Add_Two_Numbers.csproj", "{C53630F6-AB25-4A71-9464-753CE07C9FB8}"
EndProject
Project("{FAE04EC0-301F-11D3-BF4B-00C04F79EFBC}") = "_2206_Divide_Array_Into_Equal_Pairs", "_2206_Divide_Array_Into_Equal_Pairs\_2206_Divide_Array_Into_Equal_Pairs.csproj", "{093DA72C-F080-47D4-9F91-5EB11E543791}"
EndProject
Project("{FAE04EC0-301F-11D3-BF4B-00C04F79EFBC}") = "_26_Remove_Duplicates_from_Sorted_Array", "_26_Remove_Duplicates_from_Sorted_Array\_26_Remove_Duplicates_from_Sorted_Array.csproj", "{C52FB74B-8BBC-4FAD-B2BD-07D36A708F29}"
EndProject
Project("{FAE04EC0-301F-11D3-BF4B-00C04F79EFBC}") = "_27_Remove_Element", "_27_Remove_Element\_27_Remove_Element.csproj", "{A205EC76-FF92-4175-AC5C-6A0D8CB6E57D}"
EndProject
Project("{FAE04EC0-301F-11D3-BF4B-00C04F79EFBC}") = "_1346_Check_If_N_and_Its_Double_Exist", "_1346_Check_If_N_and_Its_Double_Exist\_1346_Check_If_N_and_Its_Double_Exist.csproj", "{C15CE962-D9A7-4B26-97EC-5700CF6208DE}"
EndProject
Project("{FAE04EC0-301F-11D3-BF4B-00C04F79EFBC}") = "_941_Valid_Mountain_Array", "_941_Valid_Mountain_Array\_941_Valid_Mountain_Array.csproj", "{26D087D0-357B-4F79-8375-B027037B24D8}"
EndProject
Project("{FAE04EC0-301F-11D3-BF4B-00C04F79EFBC}") = "_941_Valid_Mountain_Array_Benchmark", "_941_Valid_Mountain_Array_Benchmark\_941_Valid_Mountain_Array_Benchmark.csproj", "{8A0D55CF-D5EE-4F77-9864-E908C362A74F}"
EndProject
Project("{FAE04EC0-301F-11D3-BF4B-00C04F79EFBC}") = "_1299_Replace_Elements_with_Greatest_Element_on_Right_Side", "_1299_Replace_Elements_with_Greatest_Element_on_Right_Side\_1299_Replace_Elements_with_Greatest_Element_on_Right_Side.csproj", "{64E6060A-6ED3-48D0-8389-7D8D3C26A405}"
EndProject
Project("{2150E333-8FDC-42A3-9474-1A3956D46DE8}") = "Visualization", "Visualization", "{4F9193B9-1D84-440A-A048-B21ECB366C97}"
EndProject
Project("{FAE04EC0-301F-11D3-BF4B-00C04F79EFBC}") = "TestConsole", "TestConsole\TestConsole.csproj", "{D77B1D23-DFF0-43C7-BF56-A854DCBF5BE1}"
EndProject
Project("{FAE04EC0-301F-11D3-BF4B-00C04F79EFBC}") = "_283_Move_Zeroes", "_283_Move_Zeroes\_283_Move_Zeroes.csproj", "{0772EC3A-86AB-4989-8311-4C129BEB66D0}"
EndProject
Project("{FAE04EC0-301F-11D3-BF4B-00C04F79EFBC}") = "_905_Sort_Array_By_Parity", "_905_Sort_Array_By_Parity\_905_Sort_Array_By_Parity.csproj", "{0EA89948-A459-4D61-8654-C058AEB037FC}"
EndProject
Project("{FAE04EC0-301F-11D3-BF4B-00C04F79EFBC}") = "_1051_Height_Checker", "_1051_Height_Checker\_1051_Height_Checker.csproj", "{DECFAC04-1674-4A91-B4D5-51271C261BDF}"
EndProject
Project("{FAE04EC0-301F-11D3-BF4B-00C04F79EFBC}") = "_414_Third_Maximum_Number", "_414_Third_Maximum_Number\_414_Third_Maximum_Number.csproj", "{8F911EDB-906F-4514-B0DC-BD392F5BCCB6}"
EndProject
Project("{FAE04EC0-301F-11D3-BF4B-00C04F79EFBC}") = "_448_Find_All_Numbers_Disappeared_in_an_Array", "_448_Find_All_Numbers_Disappeared_in_an_Array\_448_Find_All_Numbers_Disappeared_in_an_Array.csproj", "{109E7E2F-5686-4DF9-9F15-1C1FF6297612}"
EndProject
Project("{FAE04EC0-301F-11D3-BF4B-00C04F79EFBC}") = "_977_Squares_of_a_Sorted_Array", "_977_Squares_of_a_Sorted_Array\_977_Squares_of_a_Sorted_Array.csproj", "{9EBAF58C-4C79-48C3-9594-0496EDE4BE8B}"
EndProject
Project("{FAE04EC0-301F-11D3-BF4B-00C04F79EFBC}") = "_13_Roman_to_Integer", "_13_Roman_to_Integer\_13_Roman_to_Integer.csproj", "{CB606E06-11BA-44A7-A49E-E8D55EE1CE6A}"
EndProject
Project("{FAE04EC0-301F-11D3-BF4B-00C04F79EFBC}") = "_28_Find_the_Index_of_the_First_Occurrence_in_a_String", "_28_Find_the_Index_of_the_First_Occurrence_in_a_String\_28_Find_the_Index_of_the_First_Occurrence_in_a_String.csproj", "{F2B35CF8-C1FE-45C2-8588-7BE674E8BE08}"
EndProject
Project("{FAE04EC0-301F-11D3-BF4B-00C04F79EFBC}") = "_577_Employee_Bonus", "_577_Employee_Bonus\_577_Employee_Bonus.csproj", "{4EE13048-5202-4FFE-BFDC-1DC364229F41}"
EndProject
Project("{FAE04EC0-301F-11D3-BF4B-00C04F79EFBC}") = "_75_Sort_Colors", "_75_Sort_Colors\_75_Sort_Colors.csproj", "{90E64612-04F9-4691-8163-AF75C59C14AB}"
EndProject
Project("{FAE04EC0-301F-11D3-BF4B-00C04F79EFBC}") = "_3_Longest_Substring_Without_Repeating_Characters", "_3_Longest_Substring_Without_Repeating_Characters\_3_Longest_Substring_Without_Repeating_Characters.csproj", "{5598BFFE-982E-4919-895E-2008BAF8C128}"
EndProject
Project("{FAE04EC0-301F-11D3-BF4B-00C04F79EFBC}") = "_1075_Project_Employees_I", "_1075_Project_Employees_I\_1075_Project_Employees_I.csproj", "{E768EF9F-B3A1-452A-9579-55612FDB8DA4}"
EndProject
Project("{FAE04EC0-301F-11D3-BF4B-00C04F79EFBC}") = "_434_Number_of_Segments_in_a_String", "_434_Number_of_Segments_in_a_String\_434_Number_of_Segments_in_a_String.csproj", "{F976AD52-4E3E-4BA0-A128-37718FB8DB46}"
EndProject
Project("{FAE04EC0-301F-11D3-BF4B-00C04F79EFBC}") = "_217_Contains_Duplicate", "_217_Contains_Duplicate\_217_Contains_Duplicate.csproj", "{C3E33373-5AE7-420D-B75C-37894F204EE4}"
EndProject
Project("{FAE04EC0-301F-11D3-BF4B-00C04F79EFBC}") = "_1729_Find_Followers_Count", "_1729_Find_Followers_Count\_1729_Find_Followers_Count.csproj", "{805384A3-3A34-4BD8-A109-B6CAD83B091E}"
EndProject
Project("{FAE04EC0-301F-11D3-BF4B-00C04F79EFBC}") = "_3467_Transform_Array_by_Parity", "_3467_Transform_Array_by_Parity\_3467_Transform_Array_by_Parity.csproj", "{285B453F-0766-49E3-A645-E64069B427A2}"
EndProject
Project("{FAE04EC0-301F-11D3-BF4B-00C04F79EFBC}") = "_1837_Sum_of_Digits_in_Base_K", "_1837_Sum_of_Digits_in_Base_K\_1837_Sum_of_Digits_in_Base_K.csproj", "{73429DD4-5BBA-4BEF-9C07-8CA8E33799E2}"
EndProject
Project("{FAE04EC0-301F-11D3-BF4B-00C04F79EFBC}") = "_1827_Minimum_Operations_to_Make_the_Array_Increasing", "_1827_Minimum_Operations_to_Make_the_Array_Increasing\_1827_Minimum_Operations_to_Make_the_Array_Increasing.csproj", "{57E31AD4-483C-49F9-85C0-693085AF99EC}"
EndProject
Project("{FAE04EC0-301F-11D3-BF4B-00C04F79EFBC}") = "_2409_Count_Days_Spent_Together", "_2409_Count_Days_Spent_Together\_2409_Count_Days_Spent_Together.csproj", "{CD7D1B13-CFBC-4856-A300-36A8125B81AD}"
EndProject
Project("{FAE04EC0-301F-11D3-BF4B-00C04F79EFBC}") = "_14_Longest_Common_Prefix", "_14_Longest_Common_Prefix\_14_Longest_Common_Prefix.csproj", "{150A473E-A310-4A68-A15F-486FC52B64E6}"
EndProject
Project("{FAE04EC0-301F-11D3-BF4B-00C04F79EFBC}") = "_1913_Maximum_Product_Difference_Between_Two_Pairs", "_1913_Maximum_Product_Difference_Between_Two_Pairs\_1913_Maximum_Product_Difference_Between_Two_Pairs.csproj", "{E45D1106-4E0E-4A85-AB0A-94EB64ED415E}"
EndProject
Project("{FAE04EC0-301F-11D3-BF4B-00C04F79EFBC}") = "_20_Valid_Parentheses", "_20_Valid_Parentheses\_20_Valid_Parentheses.csproj", "{A8D0B9D7-CE4C-4EB6-98C8-3B7F8256C4CC}"
EndProject
Project("{FAE04EC0-301F-11D3-BF4B-00C04F79EFBC}") = "_185_Department_Top_Three_Salaries", "_185_Department_Top_Three_Salaries\_185_Department_Top_Three_Salaries.csproj", "{94FD3DB2-8D4C-441C-908E-77A1141AB2D7}"
EndProject
Project("{2150E333-8FDC-42A3-9474-1A3956D46DE8}") = "sql", "sql", "{79A1FF8B-8421-4DE8-B26B-CA7966BF5865}"
EndProject
Project("{FAE04EC0-301F-11D3-BF4B-00C04F79EFBC}") = "_58_Length_of_Last_Word", "_58_Length_of_Last_Word\_58_Length_of_Last_Word.csproj", "{006FC2E8-1B8D-450E-914F-6837E99A1138}"
EndProject
Project("{FAE04EC0-301F-11D3-BF4B-00C04F79EFBC}") = "_69_Sqrt_x_", "_69_Sqrt_x_\_69_Sqrt_x_.csproj", "{656FF013-CB9B-4FBD-B71F-C8F256FC4141}"
EndProject
Project("{FAE04EC0-301F-11D3-BF4B-00C04F79EFBC}") = "_1757_Recyclable_and_Low_Fat_Products", "_1757_Recyclable_and_Low_Fat_Products\_1757_Recyclable_and_Low_Fat_Products.csproj", "{0492F015-199F-49D0-89BA-BB6AFAD98808}"
EndProject
Project("{FAE04EC0-301F-11D3-BF4B-00C04F79EFBC}") = "_1890_The_Latest_Login_in_2020", "_1890_The_Latest_Login_in_2020\_1890_The_Latest_Login_in_2020.csproj", "{50996556-94E6-46A5-81C3-514B37B871C4}"
EndProject
Project("{FAE04EC0-301F-11D3-BF4B-00C04F79EFBC}") = "_35_Search_Insert_Position", "_35_Search_Insert_Position\_35_Search_Insert_Position.csproj", "{04BE8452-9CE5-4250-8483-EDD1231548CB}"
EndProject
Project("{FAE04EC0-301F-11D3-BF4B-00C04F79EFBC}") = "_2563_Count_the_Number_of_Fair_Pairs", "_2563_Count_the_Number_of_Fair_Pairs\_2563_Count_the_Number_of_Fair_Pairs.csproj", "{20649C89-978F-490B-97F7-8D1204BDE2F8}"
EndProject
Project("{FAE04EC0-301F-11D3-BF4B-00C04F79EFBC}") = "_704_Binary_Search", "_704_Binary_Search\_704_Binary_Search.csproj", "{A00992AA-13D6-41D9-9F03-7636E543FBDE}"
EndProject
Project("{FAE04EC0-301F-11D3-BF4B-00C04F79EFBC}") = "_367_Valid_Perfect_Square", "_367_Valid_Perfect_Square\_367_Valid_Perfect_Square.csproj", "{0CCFDF81-7A85-4B07-A2B7-0BD8977653D6}"
EndProject
Project("{FAE04EC0-301F-11D3-BF4B-00C04F79EFBC}") = "_125_Valid_Palindrome", "_125_Valid_Palindrome\_125_Valid_Palindrome.csproj", "{07308EE5-6569-4F7D-A06E-9431D86BE2AD}"
EndProject
Project("{FAE04EC0-301F-11D3-BF4B-00C04F79EFBC}") = "_66_Plus_One", "_66_Plus_One\_66_Plus_One.csproj", "{44EB6102-266A-4391-B096-9B66ADADC1D8}"
EndProject
Project("{FAE04EC0-301F-11D3-BF4B-00C04F79EFBC}") = "_67_Add_Binary", "_67_Add_Binary\_67_Add_Binary.csproj", "{F8EA1DC8-4530-46D8-A271-BE901E628B5F}"
EndProject
Project("{FAE04EC0-301F-11D3-BF4B-00C04F79EFBC}") = "_175_Combine_Two_Tables", "_175_Combine_Two_Tables\_175_Combine_Two_Tables.csproj", "{675F993B-949F-4DDA-ACF5-AA5E49DC955D}"
EndProject
Project("{FAE04EC0-301F-11D3-BF4B-00C04F79EFBC}") = "_169_Majority_Element", "_169_Majority_Element\_169_Majority_Element.csproj", "{F7735E28-4B47-4636-A33D-E9D2C51785F7}"
EndProject
Project("{FAE04EC0-301F-11D3-BF4B-00C04F79EFBC}") = "_181_Employees_Earning_More_Than_Their_Managers", "_181_Employees_Earning_More_Than_Their_Managers\_181_Employees_Earning_More_Than_Their_Managers.csproj", "{D6F8986F-6E3D-43E9-A3DD-F66A7B4845FB}"
EndProject
Project("{FAE04EC0-301F-11D3-BF4B-00C04F79EFBC}") = "_3392_Count_Subarrays_of_Length_Three_With_a_Condition", "_3392_Count_Subarrays_of_Length_Three_With_a_Condition\_3392_Count_Subarrays_of_Length_Three_With_a_Condition.csproj", "{773463D0-67D5-41C1-87FC-F4AEBD1D24F8}"
EndProject
Project("{FAE04EC0-301F-11D3-BF4B-00C04F79EFBC}") = "_2302_Count_Subarrays_With_Score_Less_Than_K", "_2302_Count_Subarrays_With_Score_Less_Than_K\_2302_Count_Subarrays_With_Score_Less_Than_K.csproj", "{470148C8-447C-48E8-B798-F9D21B2C4D30}"
EndProject
Project("{FAE04EC0-301F-11D3-BF4B-00C04F79EFBC}") = "_2962_Count_Subarrays_Where_Max_Element_Appears_at_Least_K_Times", "_2962_Count_Subarrays_Where_Max_Element_Appears_at_Least_K_Times\_2962_Count_Subarrays_Where_Max_Element_Appears_at_Least_K_Times.csproj", "{4A25721A-4DD9-4FCE-96C5-2252FD4F5981}"
EndProject
Project("{FAE04EC0-301F-11D3-BF4B-00C04F79EFBC}") = "_219_Contains_Duplicate_II", "_219_Contains_Duplicate_II\_219_Contains_Duplicate_II.csproj", "{C686A76A-8567-477D-8A2D-D0BB4916785F}"
EndProject
Project("{FAE04EC0-301F-11D3-BF4B-00C04F79EFBC}") = "_643_Maximum_Average_Subarray_I", "_643_Maximum_Average_Subarray_I\_643_Maximum_Average_Subarray_I.csproj", "{6D08D6AC-0903-40AF-8D3B-80A9CACF28BF}"
EndProject
Project("{FAE04EC0-301F-11D3-BF4B-00C04F79EFBC}") = "_2071_Maximum_Number_of_Tasks_You_Can_Assign", "_2071_Maximum_Number_of_Tasks_You_Can_Assign\_2071_Maximum_Number_of_Tasks_You_Can_Assign.csproj", "{715649EF-7CF8-4414-B406-F102D1321D93}"
EndProject
Project("{FAE04EC0-301F-11D3-BF4B-00C04F79EFBC}") = "_838_Push_Dominoes", "_838_Push_Dominoes\_838_Push_Dominoes.csproj", "{EFA9933D-DFB8-4ADF-9E3C-47D8481191FB}"
EndProject
Project("{FAE04EC0-301F-11D3-BF4B-00C04F79EFBC}") = "_1007_Minimum_Domino_Rotations_For_Equal_Row", "_1007_Minimum_Domino_Rotations_For_Equal_Row\_1007_Minimum_Domino_Rotations_For_Equal_Row.csproj", "{6FD2DE22-7876-4057-9DC0-8650194DBB9A}"
EndProject
Project("{FAE04EC0-301F-11D3-BF4B-00C04F79EFBC}") = "_1128_Number_of_Equivalent_Domino_Pairs", "_1128_Number_of_Equivalent_Domino_Pairs\_1128_Number_of_Equivalent_Domino_Pairs.csproj", "{16AF02D9-0906-4289-9FC6-04970C849260}"
EndProject
Project("{FAE04EC0-301F-11D3-BF4B-00C04F79EFBC}") = "_790_Domino_and_Tromino_Tiling", "_790_Domino_and_Tromino_Tiling\_790_Domino_and_Tromino_Tiling.csproj", "{4C552946-842C-4AB0-B381-1C08A167138E}"
EndProject
Project("{FAE04EC0-301F-11D3-BF4B-00C04F79EFBC}") = "_1920_Build_Array_from_Permutation", "_1920_Build_Array_from_Permutation\_1920_Build_Array_from_Permutation.csproj", "{45159511-D945-4070-9037-8921BC68255A}"
EndProject
Project("{FAE04EC0-301F-11D3-BF4B-00C04F79EFBC}") = "_3341_Find_Minimum_Time_to_Reach_Last_Room_I", "_3341_Find_Minimum_Time_to_Reach_Last_Room_I\_3341_Find_Minimum_Time_to_Reach_Last_Room_I.csproj", "{AA52C5CC-133F-487D-8AC5-17DDD36BEB13}"
EndProject
Project("{FAE04EC0-301F-11D3-BF4B-00C04F79EFBC}") = "_3342_Find_Minimum_Time_to_Reach_Last_Room_II", "_3342_Find_Minimum_Time_to_Reach_Last_Room_II\_3342_Find_Minimum_Time_to_Reach_Last_Room_II.csproj", "{4A74D50F-9034-4E72-986F-728D4CEC638B}"
EndProject
Project("{FAE04EC0-301F-11D3-BF4B-00C04F79EFBC}") = "_3343_Count_Number_of_Balanced_Permutations", "_3343_Count_Number_of_Balanced_Permutations\_3343_Count_Number_of_Balanced_Permutations.csproj", "{2227E9E4-BA8F-4A47-80FE-5E4A6DC02F30}"
EndProject
Project("{FAE04EC0-301F-11D3-BF4B-00C04F79EFBC}") = "_2918_Minimum_Equal_Sum_of_Two_Arrays_After_Replacing_Zeros", "_2918_Minimum_Equal_Sum_of_Two_Arrays_After_Replacing_Zeros\_2918_Minimum_Equal_Sum_of_Two_Arrays_After_Replacing_Zeros.csproj", "{CB8E3DDC-A72A-4801-B0DD-06582E186EE2}"
EndProject
Project("{FAE04EC0-301F-11D3-BF4B-00C04F79EFBC}") = "_1550_Three_Consecutive_Odds", "_1550_Three_Consecutive_Odds\_1550_Three_Consecutive_Odds.csproj", "{221BC89F-AC4A-4266-9A92-872E9C12D9C0}"
EndProject
Project("{FAE04EC0-301F-11D3-BF4B-00C04F79EFBC}") = "_2094_Finding_3-Digit_Even_Numbers", "_2094_Finding_3-Digit_Even_Numbers\_2094_Finding_3-Digit_Even_Numbers.csproj", "{4930ADE5-D41C-4235-A63F-38FDEFCE5DB4}"
EndProject
Project("{FAE04EC0-301F-11D3-BF4B-00C04F79EFBC}") = "_3335_Total_Characters_in_String_After_Transformations_I", "_3335_Total_Characters_in_String_After_Transformations_I\_3335_Total_Characters_in_String_After_Transformations_I.csproj", "{6BB8AB72-CAF6-4869-996A-4D60BB7D9B0B}"
EndProject
Project("{FAE04EC0-301F-11D3-BF4B-00C04F79EFBC}") = "_3337_Total_Characters_in_String_After_Transformations_II", "_3337_Total_Characters_in_String_After_Transformations_II\_3337_Total_Characters_in_String_After_Transformations_II.csproj", "{049A3AF0-7138-4939-92E2-DE1A35BAE96A}"
EndProject
Project("{FAE04EC0-301F-11D3-BF4B-00C04F79EFBC}") = "_2900_Longest_Unequal_Adjacent_Groups_Subsequence_I", "_2900_Longest_Unequal_Adjacent_Groups_Subsequence_I\_2900_Longest_Unequal_Adjacent_Groups_Subsequence_I.csproj", "{B7CD8A73-6BA0-46D1-ABAE-13930909F770}"
EndProject
Project("{FAE04EC0-301F-11D3-BF4B-00C04F79EFBC}") = "_2901_Longest_Unequal_Adjacent_Groups_Subsequence_II", "_2901_Longest_Unequal_Adjacent_Groups_Subsequence_II\_2901_Longest_Unequal_Adjacent_Groups_Subsequence_II.csproj", "{33F2D4CC-8A96-4621-8819-99B472A90865}"
EndProject
Project("{FAE04EC0-301F-11D3-BF4B-00C04F79EFBC}") = "_1931_Painting_a_Grid_With_Three_Different_Colors", "_1931_Painting_a_Grid_With_Three_Different_Colors\_1931_Painting_a_Grid_With_Three_Different_Colors.csproj", "{3F4349CA-0F27-4299-87FE-3B52EB33D1C8}"
EndProject
Project("{FAE04EC0-301F-11D3-BF4B-00C04F79EFBC}") = "_3024_Type_of_Triangle", "_3024_Type_of_Triangle\_3024_Type_of_Triangle.csproj", "{AD789495-2304-4BF5-AF4D-90C7C0B04DF2}"
EndProject
Project("{FAE04EC0-301F-11D3-BF4B-00C04F79EFBC}") = "_3355_Zero_Array_Transformation_I", "_3355_Zero_Array_Transformation_I\_3355_Zero_Array_Transformation_I.csproj", "{BAA253DA-2C7F-4D20-A575-03EB779171E6}"
EndProject
Project("{FAE04EC0-301F-11D3-BF4B-00C04F79EFBC}") = "_73_Set_Matrix_Zeroes", "_73_Set_Matrix_Zeroes\_73_Set_Matrix_Zeroes.csproj", "{2195B8CD-2EFE-4548-9688-7392E3A6A2A1}"
EndProject
Project("{FAE04EC0-301F-11D3-BF4B-00C04F79EFBC}") = "_3362_Zero_Array_Transformation_III", "_3362_Zero_Array_Transformation_III\_3362_Zero_Array_Transformation_III.csproj", "{5FAD9BCA-58E1-4555-94BD-F72510B3527A}"
EndProject
Project("{FAE04EC0-301F-11D3-BF4B-00C04F79EFBC}") = "_3068_Find_the_Maximum_Sum_of_Node_Values", "_3068_Find_the_Maximum_Sum_of_Node_Values\_3068_Find_the_Maximum_Sum_of_Node_Values.csproj", "{AFD5DA40-CD76-47F2-8154-FA53F6A534C2}"
EndProject
Project("{FAE04EC0-301F-11D3-BF4B-00C04F79EFBC}") = "_2942_Find_Words_Containing_Character", "_2942_Find_Words_Containing_Character\_2942_Find_Words_Containing_Character.csproj", "{2C269751-5F13-4531-A066-D542D925C8E4}"
EndProject
Project("{FAE04EC0-301F-11D3-BF4B-00C04F79EFBC}") = "_2131_Longest_Palindrome_by_Concatenating_Two_Letter_Words", "_2131_Longest_Palindrome_by_Concatenating_Two_Letter_Words\_2131_Longest_Palindrome_by_Concatenating_Two_Letter_Words.csproj", "{1130D3E7-96F2-4591-B4CF-7D06A512FFAE}"
EndProject
Project("{FAE04EC0-301F-11D3-BF4B-00C04F79EFBC}") = "_1857_Largest_Color_Value_in_a_Directed_Graph", "_1857_Largest_Color_Value_in_a_Directed_Graph\_1857_Largest_Color_Value_in_a_Directed_Graph.csproj", "{434A2C67-6F6B-404E-B17D-B040CB90432E}"
EndProject
Project("{FAE04EC0-301F-11D3-BF4B-00C04F79EFBC}") = "_2894_Divisible_and_Non_divisible_Sums_Difference", "_2894_Divisible_and_Non_divisible_Sums_Difference\_2894_Divisible_and_Non_divisible_Sums_Difference.csproj", "{7563C47D-CAEB-46D7-906E-F8759F511C57}"
EndProject
Project("{FAE04EC0-301F-11D3-BF4B-00C04F79EFBC}") = "_3372_Maximize_the_Number_of_Target_Nodes_After_Connecting_Trees_I", "_3372_Maximize_the_Number_of_Target_Nodes_After_Connecting_Trees_I\_3372_Maximize_the_Number_of_Target_Nodes_After_Connecting_Trees_I.csproj", "{8442CA2E-92A2-4092-941D-57E65D62FDE2}"
EndProject
Project("{FAE04EC0-301F-11D3-BF4B-00C04F79EFBC}") = "_3373_Maximize_the_Number_of_Target_Nodes_After_Connecting_Trees_II", "_3373_Maximize_the_Number_of_Target_Nodes_After_Connecting_Trees_II\_3373_Maximize_the_Number_of_Target_Nodes_After_Connecting_Trees_II.csproj", "{C3D9C8C6-3848-4EA7-B363-0B21C386BC61}"
EndProject
Project("{FAE04EC0-301F-11D3-BF4B-00C04F79EFBC}") = "_2359_Find_Closest_Node_to_Given_Two_Nodes", "_2359_Find_Closest_Node_to_Given_Two_Nodes\_2359_Find_Closest_Node_to_Given_Two_Nodes.csproj", "{5AEED968-AB81-4978-A990-5737D6665260}"
EndProject
Project("{FAE04EC0-301F-11D3-BF4B-00C04F79EFBC}") = "_909_Snakes_and_Ladders", "_909_Snakes_and_Ladders\_909_Snakes_and_Ladders.csproj", "{F3E9FB35-D44D-4F4F-A3C8-6A40BE89582B}"
EndProject
Project("{FAE04EC0-301F-11D3-BF4B-00C04F79EFBC}") = "Sandbox", "Sandbox\Sandbox.csproj", "{E07EF8D7-5D9E-41DC-962E-A0F4FD33A385}"
EndProject
Project("{FAE04EC0-301F-11D3-BF4B-00C04F79EFBC}") = "_135_Candy", "_135_Candy\_135_Candy.csproj", "{BF2DADA0-1173-4442-B8C8-E7D4D508D706}"
EndProject
Project("{FAE04EC0-301F-11D3-BF4B-00C04F79EFBC}") = "_1661_Average_Time_of_Process_per_Machine", "_1661_Average_Time_of_Process_per_Machine\_1661_Average_Time_of_Process_per_Machine.csproj", "{D1B11C18-71FC-4577-9979-7925DF470CB9}"
EndProject
Project("{FAE04EC0-301F-11D3-BF4B-00C04F79EFBC}") = "_1251_Average_Selling_Price", "_1251_Average_Selling_Price\_1251_Average_Selling_Price.csproj", "{9ADD2DEC-1510-4D3D-B00D-606651869E94}"
EndProject
Project("{FAE04EC0-301F-11D3-BF4B-00C04F79EFBC}") = "_1193_Monthly_Transactions_I", "_1193_Monthly_Transactions_I\_1193_Monthly_Transactions_I.csproj", "{5C2F3212-C9EF-4C76-935B-64A99030B180}"
EndProject
Project("{FAE04EC0-301F-11D3-BF4B-00C04F79EFBC}") = "_1174_Immediate_Food_Delivery_II", "_1174_Immediate_Food_Delivery_II\_1174_Immediate_Food_Delivery_II.csproj", "{9137124D-EDED-489F-92D2-85C7F5E211B4}"
EndProject
Project("{FAE04EC0-301F-11D3-BF4B-00C04F79EFBC}") = "_2356_Number_of_Unique_Subjects_Taught_by_Each_Teacher", "_2356_Number_of_Unique_Subjects_Taught_by_Each_Teacher\_2356_Number_of_Unique_Subjects_Taught_by_Each_Teacher.csproj", "{5D3FD490-1B28-456A-B5B8-E9A4E3473D9B}"
EndProject
Project("{FAE04EC0-301F-11D3-BF4B-00C04F79EFBC}") = "_596_Classes_With_at_Least_5_Students", "_596_Classes_With_at_Least_5_Students\_596_Classes_With_at_Least_5_Students.csproj", "{FED60922-8B6F-44DF-BA48-5C4B3132D818}"
EndProject
Project("{FAE04EC0-301F-11D3-BF4B-00C04F79EFBC}") = "_619_Biggest_Single_Number", "_619_Biggest_Single_Number\_619_Biggest_Single_Number.csproj", "{DDAFEC9E-3D83-4D41-A56D-E83B2DCA6D6B}"
EndProject
Project("{FAE04EC0-301F-11D3-BF4B-00C04F79EFBC}") = "_1789_Primary_Department_for_Each_Employee", "_1789_Primary_Department_for_Each_Employee\_1789_Primary_Department_for_Each_Employee.csproj", "{8E148944-D62F-42DB-A818-8ED3503324CB}"
EndProject
Project("{FAE04EC0-301F-11D3-BF4B-00C04F79EFBC}") = "_610_Triangle_Judgement", "_610_Triangle_Judgement\_610_Triangle_Judgement.csproj", "{27C60BC7-5613-4C3A-BF10-6FA4F7BCA431}"
EndProject
Project("{FAE04EC0-301F-11D3-BF4B-00C04F79EFBC}") = "_1071_Greatest_Common_Divisor_of_Strings", "_1071_Greatest_Common_Divisor_of_Strings\_1071_Greatest_Common_Divisor_of_Strings.csproj", "{B3648D7F-90C9-4C24-8C0E-0F2CB36F7466}"
EndProject
Project("{FAE04EC0-301F-11D3-BF4B-00C04F79EFBC}") = "_1431_Kids_With_the_Greatest_Number_of_Candies", "_1431_Kids_With_the_Greatest_Number_of_Candies\_1431_Kids_With_the_Greatest_Number_of_Candies.csproj", "{57C63FF6-7BEB-4DDC-8730-922AA0AF7FF1}"
EndProject
Project("{FAE04EC0-301F-11D3-BF4B-00C04F79EFBC}") = "_605_Can_Place_Flowers", "_605_Can_Place_Flowers\_605_Can_Place_Flowers.csproj", "{0DBA1555-72FF-4EDB-9E59-1C52F103537C}"
EndProject
Project("{FAE04EC0-301F-11D3-BF4B-00C04F79EFBC}") = "_345_Reverse_Vowels_of_a_String", "_345_Reverse_Vowels_of_a_String\_345_Reverse_Vowels_of_a_String.csproj", "{0CF3AFA6-A7FB-4987-AB02-75837AC999E9}"
EndProject
Global
	GlobalSection(SolutionConfigurationPlatforms) = preSolution
		Debug|Any CPU = Debug|Any CPU
		Release|Any CPU = Release|Any CPU
	EndGlobalSection
	GlobalSection(ProjectConfigurationPlatforms) = postSolution
		{08E826E7-9E00-4091-A571-1B57650D6BA6}.Debug|Any CPU.ActiveCfg = Debug|Any CPU
		{08E826E7-9E00-4091-A571-1B57650D6BA6}.Debug|Any CPU.Build.0 = Debug|Any CPU
		{08E826E7-9E00-4091-A571-1B57650D6BA6}.Release|Any CPU.ActiveCfg = Release|Any CPU
		{08E826E7-9E00-4091-A571-1B57650D6BA6}.Release|Any CPU.Build.0 = Release|Any CPU
		{BC012BF2-2969-4674-B150-FD6A15F62AAA}.Debug|Any CPU.ActiveCfg = Debug|Any CPU
		{BC012BF2-2969-4674-B150-FD6A15F62AAA}.Debug|Any CPU.Build.0 = Debug|Any CPU
		{BC012BF2-2969-4674-B150-FD6A15F62AAA}.Release|Any CPU.ActiveCfg = Release|Any CPU
		{BC012BF2-2969-4674-B150-FD6A15F62AAA}.Release|Any CPU.Build.0 = Release|Any CPU
		{E2DAFFAD-371E-4162-B600-2C51777722F0}.Debug|Any CPU.ActiveCfg = Debug|Any CPU
		{E2DAFFAD-371E-4162-B600-2C51777722F0}.Debug|Any CPU.Build.0 = Debug|Any CPU
		{E2DAFFAD-371E-4162-B600-2C51777722F0}.Release|Any CPU.ActiveCfg = Release|Any CPU
		{E2DAFFAD-371E-4162-B600-2C51777722F0}.Release|Any CPU.Build.0 = Release|Any CPU
		{63E3D535-3649-4834-9895-788BA0274B31}.Debug|Any CPU.ActiveCfg = Debug|Any CPU
		{63E3D535-3649-4834-9895-788BA0274B31}.Debug|Any CPU.Build.0 = Debug|Any CPU
		{63E3D535-3649-4834-9895-788BA0274B31}.Release|Any CPU.ActiveCfg = Release|Any CPU
		{63E3D535-3649-4834-9895-788BA0274B31}.Release|Any CPU.Build.0 = Release|Any CPU
		{15CF6104-B362-405E-9DD4-F2815EA51A06}.Debug|Any CPU.ActiveCfg = Debug|Any CPU
		{15CF6104-B362-405E-9DD4-F2815EA51A06}.Debug|Any CPU.Build.0 = Debug|Any CPU
		{15CF6104-B362-405E-9DD4-F2815EA51A06}.Release|Any CPU.ActiveCfg = Release|Any CPU
		{15CF6104-B362-405E-9DD4-F2815EA51A06}.Release|Any CPU.Build.0 = Release|Any CPU
		{C5EED2E2-FEEC-442B-BF0E-5E5B1F79B77D}.Debug|Any CPU.ActiveCfg = Debug|Any CPU
		{C5EED2E2-FEEC-442B-BF0E-5E5B1F79B77D}.Debug|Any CPU.Build.0 = Debug|Any CPU
		{C5EED2E2-FEEC-442B-BF0E-5E5B1F79B77D}.Release|Any CPU.ActiveCfg = Release|Any CPU
		{C5EED2E2-FEEC-442B-BF0E-5E5B1F79B77D}.Release|Any CPU.Build.0 = Release|Any CPU
		{F644D42F-851F-4753-93B8-257A283EEC44}.Debug|Any CPU.ActiveCfg = Debug|Any CPU
		{F644D42F-851F-4753-93B8-257A283EEC44}.Debug|Any CPU.Build.0 = Debug|Any CPU
		{F644D42F-851F-4753-93B8-257A283EEC44}.Release|Any CPU.ActiveCfg = Release|Any CPU
		{F644D42F-851F-4753-93B8-257A283EEC44}.Release|Any CPU.Build.0 = Release|Any CPU
		{2EDFEDAE-EC20-4CDC-8147-988A0FBE3A45}.Debug|Any CPU.ActiveCfg = Debug|Any CPU
		{2EDFEDAE-EC20-4CDC-8147-988A0FBE3A45}.Debug|Any CPU.Build.0 = Debug|Any CPU
		{2EDFEDAE-EC20-4CDC-8147-988A0FBE3A45}.Release|Any CPU.ActiveCfg = Release|Any CPU
		{2EDFEDAE-EC20-4CDC-8147-988A0FBE3A45}.Release|Any CPU.Build.0 = Release|Any CPU
		{045956EC-C9F2-4A84-BE06-C7BEC5533CE5}.Debug|Any CPU.ActiveCfg = Debug|Any CPU
		{045956EC-C9F2-4A84-BE06-C7BEC5533CE5}.Debug|Any CPU.Build.0 = Debug|Any CPU
		{045956EC-C9F2-4A84-BE06-C7BEC5533CE5}.Release|Any CPU.ActiveCfg = Release|Any CPU
		{045956EC-C9F2-4A84-BE06-C7BEC5533CE5}.Release|Any CPU.Build.0 = Release|Any CPU
		{18D9E3BC-3A35-49A3-B005-E2D4760E99B1}.Debug|Any CPU.ActiveCfg = Debug|Any CPU
		{18D9E3BC-3A35-49A3-B005-E2D4760E99B1}.Debug|Any CPU.Build.0 = Debug|Any CPU
		{18D9E3BC-3A35-49A3-B005-E2D4760E99B1}.Release|Any CPU.ActiveCfg = Release|Any CPU
		{18D9E3BC-3A35-49A3-B005-E2D4760E99B1}.Release|Any CPU.Build.0 = Release|Any CPU
		{00C11C28-3F35-437B-98AD-3698380F3550}.Debug|Any CPU.ActiveCfg = Debug|Any CPU
		{00C11C28-3F35-437B-98AD-3698380F3550}.Debug|Any CPU.Build.0 = Debug|Any CPU
		{00C11C28-3F35-437B-98AD-3698380F3550}.Release|Any CPU.ActiveCfg = Release|Any CPU
		{00C11C28-3F35-437B-98AD-3698380F3550}.Release|Any CPU.Build.0 = Release|Any CPU
		{C53630F6-AB25-4A71-9464-753CE07C9FB8}.Debug|Any CPU.ActiveCfg = Debug|Any CPU
		{C53630F6-AB25-4A71-9464-753CE07C9FB8}.Debug|Any CPU.Build.0 = Debug|Any CPU
		{C53630F6-AB25-4A71-9464-753CE07C9FB8}.Release|Any CPU.ActiveCfg = Release|Any CPU
		{C53630F6-AB25-4A71-9464-753CE07C9FB8}.Release|Any CPU.Build.0 = Release|Any CPU
		{093DA72C-F080-47D4-9F91-5EB11E543791}.Debug|Any CPU.ActiveCfg = Debug|Any CPU
		{093DA72C-F080-47D4-9F91-5EB11E543791}.Debug|Any CPU.Build.0 = Debug|Any CPU
		{093DA72C-F080-47D4-9F91-5EB11E543791}.Release|Any CPU.ActiveCfg = Release|Any CPU
		{093DA72C-F080-47D4-9F91-5EB11E543791}.Release|Any CPU.Build.0 = Release|Any CPU
		{C52FB74B-8BBC-4FAD-B2BD-07D36A708F29}.Debug|Any CPU.ActiveCfg = Debug|Any CPU
		{C52FB74B-8BBC-4FAD-B2BD-07D36A708F29}.Debug|Any CPU.Build.0 = Debug|Any CPU
		{C52FB74B-8BBC-4FAD-B2BD-07D36A708F29}.Release|Any CPU.ActiveCfg = Release|Any CPU
		{C52FB74B-8BBC-4FAD-B2BD-07D36A708F29}.Release|Any CPU.Build.0 = Release|Any CPU
		{A205EC76-FF92-4175-AC5C-6A0D8CB6E57D}.Debug|Any CPU.ActiveCfg = Debug|Any CPU
		{A205EC76-FF92-4175-AC5C-6A0D8CB6E57D}.Debug|Any CPU.Build.0 = Debug|Any CPU
		{A205EC76-FF92-4175-AC5C-6A0D8CB6E57D}.Release|Any CPU.ActiveCfg = Release|Any CPU
		{A205EC76-FF92-4175-AC5C-6A0D8CB6E57D}.Release|Any CPU.Build.0 = Release|Any CPU
		{C15CE962-D9A7-4B26-97EC-5700CF6208DE}.Debug|Any CPU.ActiveCfg = Debug|Any CPU
		{C15CE962-D9A7-4B26-97EC-5700CF6208DE}.Debug|Any CPU.Build.0 = Debug|Any CPU
		{C15CE962-D9A7-4B26-97EC-5700CF6208DE}.Release|Any CPU.ActiveCfg = Release|Any CPU
		{C15CE962-D9A7-4B26-97EC-5700CF6208DE}.Release|Any CPU.Build.0 = Release|Any CPU
		{26D087D0-357B-4F79-8375-B027037B24D8}.Debug|Any CPU.ActiveCfg = Debug|Any CPU
		{26D087D0-357B-4F79-8375-B027037B24D8}.Debug|Any CPU.Build.0 = Debug|Any CPU
		{26D087D0-357B-4F79-8375-B027037B24D8}.Release|Any CPU.ActiveCfg = Release|Any CPU
		{26D087D0-357B-4F79-8375-B027037B24D8}.Release|Any CPU.Build.0 = Release|Any CPU
		{8A0D55CF-D5EE-4F77-9864-E908C362A74F}.Debug|Any CPU.ActiveCfg = Debug|Any CPU
		{8A0D55CF-D5EE-4F77-9864-E908C362A74F}.Debug|Any CPU.Build.0 = Debug|Any CPU
		{8A0D55CF-D5EE-4F77-9864-E908C362A74F}.Release|Any CPU.ActiveCfg = Release|Any CPU
		{8A0D55CF-D5EE-4F77-9864-E908C362A74F}.Release|Any CPU.Build.0 = Release|Any CPU
		{64E6060A-6ED3-48D0-8389-7D8D3C26A405}.Debug|Any CPU.ActiveCfg = Debug|Any CPU
		{64E6060A-6ED3-48D0-8389-7D8D3C26A405}.Debug|Any CPU.Build.0 = Debug|Any CPU
		{64E6060A-6ED3-48D0-8389-7D8D3C26A405}.Release|Any CPU.ActiveCfg = Release|Any CPU
		{64E6060A-6ED3-48D0-8389-7D8D3C26A405}.Release|Any CPU.Build.0 = Release|Any CPU
		{D77B1D23-DFF0-43C7-BF56-A854DCBF5BE1}.Debug|Any CPU.ActiveCfg = Debug|Any CPU
		{D77B1D23-DFF0-43C7-BF56-A854DCBF5BE1}.Debug|Any CPU.Build.0 = Debug|Any CPU
		{D77B1D23-DFF0-43C7-BF56-A854DCBF5BE1}.Release|Any CPU.ActiveCfg = Release|Any CPU
		{D77B1D23-DFF0-43C7-BF56-A854DCBF5BE1}.Release|Any CPU.Build.0 = Release|Any CPU
		{0772EC3A-86AB-4989-8311-4C129BEB66D0}.Debug|Any CPU.ActiveCfg = Debug|Any CPU
		{0772EC3A-86AB-4989-8311-4C129BEB66D0}.Debug|Any CPU.Build.0 = Debug|Any CPU
		{0772EC3A-86AB-4989-8311-4C129BEB66D0}.Release|Any CPU.ActiveCfg = Release|Any CPU
		{0772EC3A-86AB-4989-8311-4C129BEB66D0}.Release|Any CPU.Build.0 = Release|Any CPU
		{0EA89948-A459-4D61-8654-C058AEB037FC}.Debug|Any CPU.ActiveCfg = Debug|Any CPU
		{0EA89948-A459-4D61-8654-C058AEB037FC}.Debug|Any CPU.Build.0 = Debug|Any CPU
		{0EA89948-A459-4D61-8654-C058AEB037FC}.Release|Any CPU.ActiveCfg = Release|Any CPU
		{0EA89948-A459-4D61-8654-C058AEB037FC}.Release|Any CPU.Build.0 = Release|Any CPU
		{DECFAC04-1674-4A91-B4D5-51271C261BDF}.Debug|Any CPU.ActiveCfg = Debug|Any CPU
		{DECFAC04-1674-4A91-B4D5-51271C261BDF}.Debug|Any CPU.Build.0 = Debug|Any CPU
		{DECFAC04-1674-4A91-B4D5-51271C261BDF}.Release|Any CPU.ActiveCfg = Release|Any CPU
		{DECFAC04-1674-4A91-B4D5-51271C261BDF}.Release|Any CPU.Build.0 = Release|Any CPU
		{8F911EDB-906F-4514-B0DC-BD392F5BCCB6}.Debug|Any CPU.ActiveCfg = Debug|Any CPU
		{8F911EDB-906F-4514-B0DC-BD392F5BCCB6}.Debug|Any CPU.Build.0 = Debug|Any CPU
		{8F911EDB-906F-4514-B0DC-BD392F5BCCB6}.Release|Any CPU.ActiveCfg = Release|Any CPU
		{8F911EDB-906F-4514-B0DC-BD392F5BCCB6}.Release|Any CPU.Build.0 = Release|Any CPU
		{109E7E2F-5686-4DF9-9F15-1C1FF6297612}.Debug|Any CPU.ActiveCfg = Debug|Any CPU
		{109E7E2F-5686-4DF9-9F15-1C1FF6297612}.Debug|Any CPU.Build.0 = Debug|Any CPU
		{109E7E2F-5686-4DF9-9F15-1C1FF6297612}.Release|Any CPU.ActiveCfg = Release|Any CPU
		{109E7E2F-5686-4DF9-9F15-1C1FF6297612}.Release|Any CPU.Build.0 = Release|Any CPU
		{9EBAF58C-4C79-48C3-9594-0496EDE4BE8B}.Debug|Any CPU.ActiveCfg = Debug|Any CPU
		{9EBAF58C-4C79-48C3-9594-0496EDE4BE8B}.Debug|Any CPU.Build.0 = Debug|Any CPU
		{9EBAF58C-4C79-48C3-9594-0496EDE4BE8B}.Release|Any CPU.ActiveCfg = Release|Any CPU
		{9EBAF58C-4C79-48C3-9594-0496EDE4BE8B}.Release|Any CPU.Build.0 = Release|Any CPU
		{CB606E06-11BA-44A7-A49E-E8D55EE1CE6A}.Debug|Any CPU.ActiveCfg = Debug|Any CPU
		{CB606E06-11BA-44A7-A49E-E8D55EE1CE6A}.Debug|Any CPU.Build.0 = Debug|Any CPU
		{CB606E06-11BA-44A7-A49E-E8D55EE1CE6A}.Release|Any CPU.ActiveCfg = Release|Any CPU
		{CB606E06-11BA-44A7-A49E-E8D55EE1CE6A}.Release|Any CPU.Build.0 = Release|Any CPU
		{F2B35CF8-C1FE-45C2-8588-7BE674E8BE08}.Debug|Any CPU.ActiveCfg = Debug|Any CPU
		{F2B35CF8-C1FE-45C2-8588-7BE674E8BE08}.Debug|Any CPU.Build.0 = Debug|Any CPU
		{F2B35CF8-C1FE-45C2-8588-7BE674E8BE08}.Release|Any CPU.ActiveCfg = Release|Any CPU
		{F2B35CF8-C1FE-45C2-8588-7BE674E8BE08}.Release|Any CPU.Build.0 = Release|Any CPU
		{4EE13048-5202-4FFE-BFDC-1DC364229F41}.Debug|Any CPU.ActiveCfg = Debug|Any CPU
		{4EE13048-5202-4FFE-BFDC-1DC364229F41}.Debug|Any CPU.Build.0 = Debug|Any CPU
		{4EE13048-5202-4FFE-BFDC-1DC364229F41}.Release|Any CPU.ActiveCfg = Release|Any CPU
		{4EE13048-5202-4FFE-BFDC-1DC364229F41}.Release|Any CPU.Build.0 = Release|Any CPU
		{90E64612-04F9-4691-8163-AF75C59C14AB}.Debug|Any CPU.ActiveCfg = Debug|Any CPU
		{90E64612-04F9-4691-8163-AF75C59C14AB}.Debug|Any CPU.Build.0 = Debug|Any CPU
		{90E64612-04F9-4691-8163-AF75C59C14AB}.Release|Any CPU.ActiveCfg = Release|Any CPU
		{90E64612-04F9-4691-8163-AF75C59C14AB}.Release|Any CPU.Build.0 = Release|Any CPU
		{5598BFFE-982E-4919-895E-2008BAF8C128}.Debug|Any CPU.ActiveCfg = Debug|Any CPU
		{5598BFFE-982E-4919-895E-2008BAF8C128}.Debug|Any CPU.Build.0 = Debug|Any CPU
		{5598BFFE-982E-4919-895E-2008BAF8C128}.Release|Any CPU.ActiveCfg = Release|Any CPU
		{5598BFFE-982E-4919-895E-2008BAF8C128}.Release|Any CPU.Build.0 = Release|Any CPU
		{E768EF9F-B3A1-452A-9579-55612FDB8DA4}.Debug|Any CPU.ActiveCfg = Debug|Any CPU
		{E768EF9F-B3A1-452A-9579-55612FDB8DA4}.Debug|Any CPU.Build.0 = Debug|Any CPU
		{E768EF9F-B3A1-452A-9579-55612FDB8DA4}.Release|Any CPU.ActiveCfg = Release|Any CPU
		{E768EF9F-B3A1-452A-9579-55612FDB8DA4}.Release|Any CPU.Build.0 = Release|Any CPU
		{F976AD52-4E3E-4BA0-A128-37718FB8DB46}.Debug|Any CPU.ActiveCfg = Debug|Any CPU
		{F976AD52-4E3E-4BA0-A128-37718FB8DB46}.Debug|Any CPU.Build.0 = Debug|Any CPU
		{F976AD52-4E3E-4BA0-A128-37718FB8DB46}.Release|Any CPU.ActiveCfg = Release|Any CPU
		{F976AD52-4E3E-4BA0-A128-37718FB8DB46}.Release|Any CPU.Build.0 = Release|Any CPU
		{C3E33373-5AE7-420D-B75C-37894F204EE4}.Debug|Any CPU.ActiveCfg = Debug|Any CPU
		{C3E33373-5AE7-420D-B75C-37894F204EE4}.Debug|Any CPU.Build.0 = Debug|Any CPU
		{C3E33373-5AE7-420D-B75C-37894F204EE4}.Release|Any CPU.ActiveCfg = Release|Any CPU
		{C3E33373-5AE7-420D-B75C-37894F204EE4}.Release|Any CPU.Build.0 = Release|Any CPU
		{805384A3-3A34-4BD8-A109-B6CAD83B091E}.Debug|Any CPU.ActiveCfg = Debug|Any CPU
		{805384A3-3A34-4BD8-A109-B6CAD83B091E}.Debug|Any CPU.Build.0 = Debug|Any CPU
		{805384A3-3A34-4BD8-A109-B6CAD83B091E}.Release|Any CPU.ActiveCfg = Release|Any CPU
		{805384A3-3A34-4BD8-A109-B6CAD83B091E}.Release|Any CPU.Build.0 = Release|Any CPU
		{285B453F-0766-49E3-A645-E64069B427A2}.Debug|Any CPU.ActiveCfg = Debug|Any CPU
		{285B453F-0766-49E3-A645-E64069B427A2}.Debug|Any CPU.Build.0 = Debug|Any CPU
		{285B453F-0766-49E3-A645-E64069B427A2}.Release|Any CPU.ActiveCfg = Release|Any CPU
		{285B453F-0766-49E3-A645-E64069B427A2}.Release|Any CPU.Build.0 = Release|Any CPU
		{73429DD4-5BBA-4BEF-9C07-8CA8E33799E2}.Debug|Any CPU.ActiveCfg = Debug|Any CPU
		{73429DD4-5BBA-4BEF-9C07-8CA8E33799E2}.Debug|Any CPU.Build.0 = Debug|Any CPU
		{73429DD4-5BBA-4BEF-9C07-8CA8E33799E2}.Release|Any CPU.ActiveCfg = Release|Any CPU
		{73429DD4-5BBA-4BEF-9C07-8CA8E33799E2}.Release|Any CPU.Build.0 = Release|Any CPU
		{57E31AD4-483C-49F9-85C0-693085AF99EC}.Debug|Any CPU.ActiveCfg = Debug|Any CPU
		{57E31AD4-483C-49F9-85C0-693085AF99EC}.Debug|Any CPU.Build.0 = Debug|Any CPU
		{57E31AD4-483C-49F9-85C0-693085AF99EC}.Release|Any CPU.ActiveCfg = Release|Any CPU
		{57E31AD4-483C-49F9-85C0-693085AF99EC}.Release|Any CPU.Build.0 = Release|Any CPU
		{CD7D1B13-CFBC-4856-A300-36A8125B81AD}.Debug|Any CPU.ActiveCfg = Debug|Any CPU
		{CD7D1B13-CFBC-4856-A300-36A8125B81AD}.Debug|Any CPU.Build.0 = Debug|Any CPU
		{CD7D1B13-CFBC-4856-A300-36A8125B81AD}.Release|Any CPU.ActiveCfg = Release|Any CPU
		{CD7D1B13-CFBC-4856-A300-36A8125B81AD}.Release|Any CPU.Build.0 = Release|Any CPU
		{150A473E-A310-4A68-A15F-486FC52B64E6}.Debug|Any CPU.ActiveCfg = Debug|Any CPU
		{150A473E-A310-4A68-A15F-486FC52B64E6}.Debug|Any CPU.Build.0 = Debug|Any CPU
		{150A473E-A310-4A68-A15F-486FC52B64E6}.Release|Any CPU.ActiveCfg = Release|Any CPU
		{150A473E-A310-4A68-A15F-486FC52B64E6}.Release|Any CPU.Build.0 = Release|Any CPU
		{E45D1106-4E0E-4A85-AB0A-94EB64ED415E}.Debug|Any CPU.ActiveCfg = Debug|Any CPU
		{E45D1106-4E0E-4A85-AB0A-94EB64ED415E}.Debug|Any CPU.Build.0 = Debug|Any CPU
		{E45D1106-4E0E-4A85-AB0A-94EB64ED415E}.Release|Any CPU.ActiveCfg = Release|Any CPU
		{E45D1106-4E0E-4A85-AB0A-94EB64ED415E}.Release|Any CPU.Build.0 = Release|Any CPU
		{A8D0B9D7-CE4C-4EB6-98C8-3B7F8256C4CC}.Debug|Any CPU.ActiveCfg = Debug|Any CPU
		{A8D0B9D7-CE4C-4EB6-98C8-3B7F8256C4CC}.Debug|Any CPU.Build.0 = Debug|Any CPU
		{A8D0B9D7-CE4C-4EB6-98C8-3B7F8256C4CC}.Release|Any CPU.ActiveCfg = Release|Any CPU
		{A8D0B9D7-CE4C-4EB6-98C8-3B7F8256C4CC}.Release|Any CPU.Build.0 = Release|Any CPU
		{94FD3DB2-8D4C-441C-908E-77A1141AB2D7}.Debug|Any CPU.ActiveCfg = Debug|Any CPU
		{94FD3DB2-8D4C-441C-908E-77A1141AB2D7}.Debug|Any CPU.Build.0 = Debug|Any CPU
		{94FD3DB2-8D4C-441C-908E-77A1141AB2D7}.Release|Any CPU.ActiveCfg = Release|Any CPU
		{94FD3DB2-8D4C-441C-908E-77A1141AB2D7}.Release|Any CPU.Build.0 = Release|Any CPU
		{006FC2E8-1B8D-450E-914F-6837E99A1138}.Debug|Any CPU.ActiveCfg = Debug|Any CPU
		{006FC2E8-1B8D-450E-914F-6837E99A1138}.Debug|Any CPU.Build.0 = Debug|Any CPU
		{006FC2E8-1B8D-450E-914F-6837E99A1138}.Release|Any CPU.ActiveCfg = Release|Any CPU
		{006FC2E8-1B8D-450E-914F-6837E99A1138}.Release|Any CPU.Build.0 = Release|Any CPU
		{656FF013-CB9B-4FBD-B71F-C8F256FC4141}.Debug|Any CPU.ActiveCfg = Debug|Any CPU
		{656FF013-CB9B-4FBD-B71F-C8F256FC4141}.Debug|Any CPU.Build.0 = Debug|Any CPU
		{656FF013-CB9B-4FBD-B71F-C8F256FC4141}.Release|Any CPU.ActiveCfg = Release|Any CPU
		{656FF013-CB9B-4FBD-B71F-C8F256FC4141}.Release|Any CPU.Build.0 = Release|Any CPU
		{0492F015-199F-49D0-89BA-BB6AFAD98808}.Debug|Any CPU.ActiveCfg = Debug|Any CPU
		{0492F015-199F-49D0-89BA-BB6AFAD98808}.Debug|Any CPU.Build.0 = Debug|Any CPU
		{0492F015-199F-49D0-89BA-BB6AFAD98808}.Release|Any CPU.ActiveCfg = Release|Any CPU
		{0492F015-199F-49D0-89BA-BB6AFAD98808}.Release|Any CPU.Build.0 = Release|Any CPU
		{50996556-94E6-46A5-81C3-514B37B871C4}.Debug|Any CPU.ActiveCfg = Debug|Any CPU
		{50996556-94E6-46A5-81C3-514B37B871C4}.Debug|Any CPU.Build.0 = Debug|Any CPU
		{50996556-94E6-46A5-81C3-514B37B871C4}.Release|Any CPU.ActiveCfg = Release|Any CPU
		{50996556-94E6-46A5-81C3-514B37B871C4}.Release|Any CPU.Build.0 = Release|Any CPU
		{04BE8452-9CE5-4250-8483-EDD1231548CB}.Debug|Any CPU.ActiveCfg = Debug|Any CPU
		{04BE8452-9CE5-4250-8483-EDD1231548CB}.Debug|Any CPU.Build.0 = Debug|Any CPU
		{04BE8452-9CE5-4250-8483-EDD1231548CB}.Release|Any CPU.ActiveCfg = Release|Any CPU
		{04BE8452-9CE5-4250-8483-EDD1231548CB}.Release|Any CPU.Build.0 = Release|Any CPU
		{20649C89-978F-490B-97F7-8D1204BDE2F8}.Debug|Any CPU.ActiveCfg = Debug|Any CPU
		{20649C89-978F-490B-97F7-8D1204BDE2F8}.Debug|Any CPU.Build.0 = Debug|Any CPU
		{20649C89-978F-490B-97F7-8D1204BDE2F8}.Release|Any CPU.ActiveCfg = Release|Any CPU
		{20649C89-978F-490B-97F7-8D1204BDE2F8}.Release|Any CPU.Build.0 = Release|Any CPU
		{A00992AA-13D6-41D9-9F03-7636E543FBDE}.Debug|Any CPU.ActiveCfg = Debug|Any CPU
		{A00992AA-13D6-41D9-9F03-7636E543FBDE}.Debug|Any CPU.Build.0 = Debug|Any CPU
		{A00992AA-13D6-41D9-9F03-7636E543FBDE}.Release|Any CPU.ActiveCfg = Release|Any CPU
		{A00992AA-13D6-41D9-9F03-7636E543FBDE}.Release|Any CPU.Build.0 = Release|Any CPU
		{0CCFDF81-7A85-4B07-A2B7-0BD8977653D6}.Debug|Any CPU.ActiveCfg = Debug|Any CPU
		{0CCFDF81-7A85-4B07-A2B7-0BD8977653D6}.Debug|Any CPU.Build.0 = Debug|Any CPU
		{0CCFDF81-7A85-4B07-A2B7-0BD8977653D6}.Release|Any CPU.ActiveCfg = Release|Any CPU
		{0CCFDF81-7A85-4B07-A2B7-0BD8977653D6}.Release|Any CPU.Build.0 = Release|Any CPU
		{07308EE5-6569-4F7D-A06E-9431D86BE2AD}.Debug|Any CPU.ActiveCfg = Debug|Any CPU
		{07308EE5-6569-4F7D-A06E-9431D86BE2AD}.Debug|Any CPU.Build.0 = Debug|Any CPU
		{07308EE5-6569-4F7D-A06E-9431D86BE2AD}.Release|Any CPU.ActiveCfg = Release|Any CPU
		{07308EE5-6569-4F7D-A06E-9431D86BE2AD}.Release|Any CPU.Build.0 = Release|Any CPU
		{44EB6102-266A-4391-B096-9B66ADADC1D8}.Debug|Any CPU.ActiveCfg = Debug|Any CPU
		{44EB6102-266A-4391-B096-9B66ADADC1D8}.Debug|Any CPU.Build.0 = Debug|Any CPU
		{44EB6102-266A-4391-B096-9B66ADADC1D8}.Release|Any CPU.ActiveCfg = Release|Any CPU
		{44EB6102-266A-4391-B096-9B66ADADC1D8}.Release|Any CPU.Build.0 = Release|Any CPU
		{F8EA1DC8-4530-46D8-A271-BE901E628B5F}.Debug|Any CPU.ActiveCfg = Debug|Any CPU
		{F8EA1DC8-4530-46D8-A271-BE901E628B5F}.Debug|Any CPU.Build.0 = Debug|Any CPU
		{F8EA1DC8-4530-46D8-A271-BE901E628B5F}.Release|Any CPU.ActiveCfg = Release|Any CPU
		{F8EA1DC8-4530-46D8-A271-BE901E628B5F}.Release|Any CPU.Build.0 = Release|Any CPU
		{675F993B-949F-4DDA-ACF5-AA5E49DC955D}.Debug|Any CPU.ActiveCfg = Debug|Any CPU
		{675F993B-949F-4DDA-ACF5-AA5E49DC955D}.Debug|Any CPU.Build.0 = Debug|Any CPU
		{675F993B-949F-4DDA-ACF5-AA5E49DC955D}.Release|Any CPU.ActiveCfg = Release|Any CPU
		{675F993B-949F-4DDA-ACF5-AA5E49DC955D}.Release|Any CPU.Build.0 = Release|Any CPU
		{F7735E28-4B47-4636-A33D-E9D2C51785F7}.Debug|Any CPU.ActiveCfg = Debug|Any CPU
		{F7735E28-4B47-4636-A33D-E9D2C51785F7}.Debug|Any CPU.Build.0 = Debug|Any CPU
		{F7735E28-4B47-4636-A33D-E9D2C51785F7}.Release|Any CPU.ActiveCfg = Release|Any CPU
		{F7735E28-4B47-4636-A33D-E9D2C51785F7}.Release|Any CPU.Build.0 = Release|Any CPU
		{D6F8986F-6E3D-43E9-A3DD-F66A7B4845FB}.Debug|Any CPU.ActiveCfg = Debug|Any CPU
		{D6F8986F-6E3D-43E9-A3DD-F66A7B4845FB}.Debug|Any CPU.Build.0 = Debug|Any CPU
		{D6F8986F-6E3D-43E9-A3DD-F66A7B4845FB}.Release|Any CPU.ActiveCfg = Release|Any CPU
		{D6F8986F-6E3D-43E9-A3DD-F66A7B4845FB}.Release|Any CPU.Build.0 = Release|Any CPU
		{773463D0-67D5-41C1-87FC-F4AEBD1D24F8}.Debug|Any CPU.ActiveCfg = Debug|Any CPU
		{773463D0-67D5-41C1-87FC-F4AEBD1D24F8}.Debug|Any CPU.Build.0 = Debug|Any CPU
		{773463D0-67D5-41C1-87FC-F4AEBD1D24F8}.Release|Any CPU.ActiveCfg = Release|Any CPU
		{773463D0-67D5-41C1-87FC-F4AEBD1D24F8}.Release|Any CPU.Build.0 = Release|Any CPU
		{470148C8-447C-48E8-B798-F9D21B2C4D30}.Debug|Any CPU.ActiveCfg = Debug|Any CPU
		{470148C8-447C-48E8-B798-F9D21B2C4D30}.Debug|Any CPU.Build.0 = Debug|Any CPU
		{470148C8-447C-48E8-B798-F9D21B2C4D30}.Release|Any CPU.ActiveCfg = Release|Any CPU
		{470148C8-447C-48E8-B798-F9D21B2C4D30}.Release|Any CPU.Build.0 = Release|Any CPU
		{4A25721A-4DD9-4FCE-96C5-2252FD4F5981}.Debug|Any CPU.ActiveCfg = Debug|Any CPU
		{4A25721A-4DD9-4FCE-96C5-2252FD4F5981}.Debug|Any CPU.Build.0 = Debug|Any CPU
		{4A25721A-4DD9-4FCE-96C5-2252FD4F5981}.Release|Any CPU.ActiveCfg = Release|Any CPU
		{4A25721A-4DD9-4FCE-96C5-2252FD4F5981}.Release|Any CPU.Build.0 = Release|Any CPU
		{C686A76A-8567-477D-8A2D-D0BB4916785F}.Debug|Any CPU.ActiveCfg = Debug|Any CPU
		{C686A76A-8567-477D-8A2D-D0BB4916785F}.Debug|Any CPU.Build.0 = Debug|Any CPU
		{C686A76A-8567-477D-8A2D-D0BB4916785F}.Release|Any CPU.ActiveCfg = Release|Any CPU
		{C686A76A-8567-477D-8A2D-D0BB4916785F}.Release|Any CPU.Build.0 = Release|Any CPU
		{6D08D6AC-0903-40AF-8D3B-80A9CACF28BF}.Debug|Any CPU.ActiveCfg = Debug|Any CPU
		{6D08D6AC-0903-40AF-8D3B-80A9CACF28BF}.Debug|Any CPU.Build.0 = Debug|Any CPU
		{6D08D6AC-0903-40AF-8D3B-80A9CACF28BF}.Release|Any CPU.ActiveCfg = Release|Any CPU
		{6D08D6AC-0903-40AF-8D3B-80A9CACF28BF}.Release|Any CPU.Build.0 = Release|Any CPU
		{715649EF-7CF8-4414-B406-F102D1321D93}.Debug|Any CPU.ActiveCfg = Debug|Any CPU
		{715649EF-7CF8-4414-B406-F102D1321D93}.Debug|Any CPU.Build.0 = Debug|Any CPU
		{715649EF-7CF8-4414-B406-F102D1321D93}.Release|Any CPU.ActiveCfg = Release|Any CPU
		{715649EF-7CF8-4414-B406-F102D1321D93}.Release|Any CPU.Build.0 = Release|Any CPU
		{EFA9933D-DFB8-4ADF-9E3C-47D8481191FB}.Debug|Any CPU.ActiveCfg = Debug|Any CPU
		{EFA9933D-DFB8-4ADF-9E3C-47D8481191FB}.Debug|Any CPU.Build.0 = Debug|Any CPU
		{EFA9933D-DFB8-4ADF-9E3C-47D8481191FB}.Release|Any CPU.ActiveCfg = Release|Any CPU
		{EFA9933D-DFB8-4ADF-9E3C-47D8481191FB}.Release|Any CPU.Build.0 = Release|Any CPU
		{6FD2DE22-7876-4057-9DC0-8650194DBB9A}.Debug|Any CPU.ActiveCfg = Debug|Any CPU
		{6FD2DE22-7876-4057-9DC0-8650194DBB9A}.Debug|Any CPU.Build.0 = Debug|Any CPU
		{6FD2DE22-7876-4057-9DC0-8650194DBB9A}.Release|Any CPU.ActiveCfg = Release|Any CPU
		{6FD2DE22-7876-4057-9DC0-8650194DBB9A}.Release|Any CPU.Build.0 = Release|Any CPU
		{16AF02D9-0906-4289-9FC6-04970C849260}.Debug|Any CPU.ActiveCfg = Debug|Any CPU
		{16AF02D9-0906-4289-9FC6-04970C849260}.Debug|Any CPU.Build.0 = Debug|Any CPU
		{16AF02D9-0906-4289-9FC6-04970C849260}.Release|Any CPU.ActiveCfg = Release|Any CPU
		{16AF02D9-0906-4289-9FC6-04970C849260}.Release|Any CPU.Build.0 = Release|Any CPU
		{4C552946-842C-4AB0-B381-1C08A167138E}.Debug|Any CPU.ActiveCfg = Debug|Any CPU
		{4C552946-842C-4AB0-B381-1C08A167138E}.Debug|Any CPU.Build.0 = Debug|Any CPU
		{4C552946-842C-4AB0-B381-1C08A167138E}.Release|Any CPU.ActiveCfg = Release|Any CPU
		{4C552946-842C-4AB0-B381-1C08A167138E}.Release|Any CPU.Build.0 = Release|Any CPU
		{45159511-D945-4070-9037-8921BC68255A}.Debug|Any CPU.ActiveCfg = Debug|Any CPU
		{45159511-D945-4070-9037-8921BC68255A}.Debug|Any CPU.Build.0 = Debug|Any CPU
		{45159511-D945-4070-9037-8921BC68255A}.Release|Any CPU.ActiveCfg = Release|Any CPU
		{45159511-D945-4070-9037-8921BC68255A}.Release|Any CPU.Build.0 = Release|Any CPU
		{AA52C5CC-133F-487D-8AC5-17DDD36BEB13}.Debug|Any CPU.ActiveCfg = Debug|Any CPU
		{AA52C5CC-133F-487D-8AC5-17DDD36BEB13}.Debug|Any CPU.Build.0 = Debug|Any CPU
		{AA52C5CC-133F-487D-8AC5-17DDD36BEB13}.Release|Any CPU.ActiveCfg = Release|Any CPU
		{AA52C5CC-133F-487D-8AC5-17DDD36BEB13}.Release|Any CPU.Build.0 = Release|Any CPU
		{4A74D50F-9034-4E72-986F-728D4CEC638B}.Debug|Any CPU.ActiveCfg = Debug|Any CPU
		{4A74D50F-9034-4E72-986F-728D4CEC638B}.Debug|Any CPU.Build.0 = Debug|Any CPU
		{4A74D50F-9034-4E72-986F-728D4CEC638B}.Release|Any CPU.ActiveCfg = Release|Any CPU
		{4A74D50F-9034-4E72-986F-728D4CEC638B}.Release|Any CPU.Build.0 = Release|Any CPU
		{2227E9E4-BA8F-4A47-80FE-5E4A6DC02F30}.Debug|Any CPU.ActiveCfg = Debug|Any CPU
		{2227E9E4-BA8F-4A47-80FE-5E4A6DC02F30}.Debug|Any CPU.Build.0 = Debug|Any CPU
		{2227E9E4-BA8F-4A47-80FE-5E4A6DC02F30}.Release|Any CPU.ActiveCfg = Release|Any CPU
		{2227E9E4-BA8F-4A47-80FE-5E4A6DC02F30}.Release|Any CPU.Build.0 = Release|Any CPU
		{CB8E3DDC-A72A-4801-B0DD-06582E186EE2}.Debug|Any CPU.ActiveCfg = Debug|Any CPU
		{CB8E3DDC-A72A-4801-B0DD-06582E186EE2}.Debug|Any CPU.Build.0 = Debug|Any CPU
		{CB8E3DDC-A72A-4801-B0DD-06582E186EE2}.Release|Any CPU.ActiveCfg = Release|Any CPU
		{CB8E3DDC-A72A-4801-B0DD-06582E186EE2}.Release|Any CPU.Build.0 = Release|Any CPU
		{221BC89F-AC4A-4266-9A92-872E9C12D9C0}.Debug|Any CPU.ActiveCfg = Debug|Any CPU
		{221BC89F-AC4A-4266-9A92-872E9C12D9C0}.Debug|Any CPU.Build.0 = Debug|Any CPU
		{221BC89F-AC4A-4266-9A92-872E9C12D9C0}.Release|Any CPU.ActiveCfg = Release|Any CPU
		{221BC89F-AC4A-4266-9A92-872E9C12D9C0}.Release|Any CPU.Build.0 = Release|Any CPU
		{4930ADE5-D41C-4235-A63F-38FDEFCE5DB4}.Debug|Any CPU.ActiveCfg = Debug|Any CPU
		{4930ADE5-D41C-4235-A63F-38FDEFCE5DB4}.Debug|Any CPU.Build.0 = Debug|Any CPU
		{4930ADE5-D41C-4235-A63F-38FDEFCE5DB4}.Release|Any CPU.ActiveCfg = Release|Any CPU
		{4930ADE5-D41C-4235-A63F-38FDEFCE5DB4}.Release|Any CPU.Build.0 = Release|Any CPU
		{6BB8AB72-CAF6-4869-996A-4D60BB7D9B0B}.Debug|Any CPU.ActiveCfg = Debug|Any CPU
		{6BB8AB72-CAF6-4869-996A-4D60BB7D9B0B}.Debug|Any CPU.Build.0 = Debug|Any CPU
		{6BB8AB72-CAF6-4869-996A-4D60BB7D9B0B}.Release|Any CPU.ActiveCfg = Release|Any CPU
		{6BB8AB72-CAF6-4869-996A-4D60BB7D9B0B}.Release|Any CPU.Build.0 = Release|Any CPU
		{049A3AF0-7138-4939-92E2-DE1A35BAE96A}.Debug|Any CPU.ActiveCfg = Debug|Any CPU
		{049A3AF0-7138-4939-92E2-DE1A35BAE96A}.Debug|Any CPU.Build.0 = Debug|Any CPU
		{049A3AF0-7138-4939-92E2-DE1A35BAE96A}.Release|Any CPU.ActiveCfg = Release|Any CPU
		{049A3AF0-7138-4939-92E2-DE1A35BAE96A}.Release|Any CPU.Build.0 = Release|Any CPU
		{B7CD8A73-6BA0-46D1-ABAE-13930909F770}.Debug|Any CPU.ActiveCfg = Debug|Any CPU
		{B7CD8A73-6BA0-46D1-ABAE-13930909F770}.Debug|Any CPU.Build.0 = Debug|Any CPU
		{B7CD8A73-6BA0-46D1-ABAE-13930909F770}.Release|Any CPU.ActiveCfg = Release|Any CPU
		{B7CD8A73-6BA0-46D1-ABAE-13930909F770}.Release|Any CPU.Build.0 = Release|Any CPU
		{33F2D4CC-8A96-4621-8819-99B472A90865}.Debug|Any CPU.ActiveCfg = Debug|Any CPU
		{33F2D4CC-8A96-4621-8819-99B472A90865}.Debug|Any CPU.Build.0 = Debug|Any CPU
		{33F2D4CC-8A96-4621-8819-99B472A90865}.Release|Any CPU.ActiveCfg = Release|Any CPU
		{33F2D4CC-8A96-4621-8819-99B472A90865}.Release|Any CPU.Build.0 = Release|Any CPU
		{3F4349CA-0F27-4299-87FE-3B52EB33D1C8}.Debug|Any CPU.ActiveCfg = Debug|Any CPU
		{3F4349CA-0F27-4299-87FE-3B52EB33D1C8}.Debug|Any CPU.Build.0 = Debug|Any CPU
		{3F4349CA-0F27-4299-87FE-3B52EB33D1C8}.Release|Any CPU.ActiveCfg = Release|Any CPU
		{3F4349CA-0F27-4299-87FE-3B52EB33D1C8}.Release|Any CPU.Build.0 = Release|Any CPU
		{AD789495-2304-4BF5-AF4D-90C7C0B04DF2}.Debug|Any CPU.ActiveCfg = Debug|Any CPU
		{AD789495-2304-4BF5-AF4D-90C7C0B04DF2}.Debug|Any CPU.Build.0 = Debug|Any CPU
		{AD789495-2304-4BF5-AF4D-90C7C0B04DF2}.Release|Any CPU.ActiveCfg = Release|Any CPU
		{AD789495-2304-4BF5-AF4D-90C7C0B04DF2}.Release|Any CPU.Build.0 = Release|Any CPU
		{BAA253DA-2C7F-4D20-A575-03EB779171E6}.Debug|Any CPU.ActiveCfg = Debug|Any CPU
		{BAA253DA-2C7F-4D20-A575-03EB779171E6}.Debug|Any CPU.Build.0 = Debug|Any CPU
		{BAA253DA-2C7F-4D20-A575-03EB779171E6}.Release|Any CPU.ActiveCfg = Release|Any CPU
		{BAA253DA-2C7F-4D20-A575-03EB779171E6}.Release|Any CPU.Build.0 = Release|Any CPU
		{2195B8CD-2EFE-4548-9688-7392E3A6A2A1}.Debug|Any CPU.ActiveCfg = Debug|Any CPU
		{2195B8CD-2EFE-4548-9688-7392E3A6A2A1}.Debug|Any CPU.Build.0 = Debug|Any CPU
		{2195B8CD-2EFE-4548-9688-7392E3A6A2A1}.Release|Any CPU.ActiveCfg = Release|Any CPU
		{2195B8CD-2EFE-4548-9688-7392E3A6A2A1}.Release|Any CPU.Build.0 = Release|Any CPU
		{5FAD9BCA-58E1-4555-94BD-F72510B3527A}.Debug|Any CPU.ActiveCfg = Debug|Any CPU
		{5FAD9BCA-58E1-4555-94BD-F72510B3527A}.Debug|Any CPU.Build.0 = Debug|Any CPU
		{5FAD9BCA-58E1-4555-94BD-F72510B3527A}.Release|Any CPU.ActiveCfg = Release|Any CPU
		{5FAD9BCA-58E1-4555-94BD-F72510B3527A}.Release|Any CPU.Build.0 = Release|Any CPU
		{AFD5DA40-CD76-47F2-8154-FA53F6A534C2}.Debug|Any CPU.ActiveCfg = Debug|Any CPU
		{AFD5DA40-CD76-47F2-8154-FA53F6A534C2}.Debug|Any CPU.Build.0 = Debug|Any CPU
		{AFD5DA40-CD76-47F2-8154-FA53F6A534C2}.Release|Any CPU.ActiveCfg = Release|Any CPU
		{AFD5DA40-CD76-47F2-8154-FA53F6A534C2}.Release|Any CPU.Build.0 = Release|Any CPU
		{2C269751-5F13-4531-A066-D542D925C8E4}.Debug|Any CPU.ActiveCfg = Debug|Any CPU
		{2C269751-5F13-4531-A066-D542D925C8E4}.Debug|Any CPU.Build.0 = Debug|Any CPU
		{2C269751-5F13-4531-A066-D542D925C8E4}.Release|Any CPU.ActiveCfg = Release|Any CPU
		{2C269751-5F13-4531-A066-D542D925C8E4}.Release|Any CPU.Build.0 = Release|Any CPU
		{1130D3E7-96F2-4591-B4CF-7D06A512FFAE}.Debug|Any CPU.ActiveCfg = Debug|Any CPU
		{1130D3E7-96F2-4591-B4CF-7D06A512FFAE}.Debug|Any CPU.Build.0 = Debug|Any CPU
		{1130D3E7-96F2-4591-B4CF-7D06A512FFAE}.Release|Any CPU.ActiveCfg = Release|Any CPU
		{1130D3E7-96F2-4591-B4CF-7D06A512FFAE}.Release|Any CPU.Build.0 = Release|Any CPU
		{434A2C67-6F6B-404E-B17D-B040CB90432E}.Debug|Any CPU.ActiveCfg = Debug|Any CPU
		{434A2C67-6F6B-404E-B17D-B040CB90432E}.Debug|Any CPU.Build.0 = Debug|Any CPU
		{434A2C67-6F6B-404E-B17D-B040CB90432E}.Release|Any CPU.ActiveCfg = Release|Any CPU
		{434A2C67-6F6B-404E-B17D-B040CB90432E}.Release|Any CPU.Build.0 = Release|Any CPU
		{7563C47D-CAEB-46D7-906E-F8759F511C57}.Debug|Any CPU.ActiveCfg = Debug|Any CPU
		{7563C47D-CAEB-46D7-906E-F8759F511C57}.Debug|Any CPU.Build.0 = Debug|Any CPU
		{7563C47D-CAEB-46D7-906E-F8759F511C57}.Release|Any CPU.ActiveCfg = Release|Any CPU
		{7563C47D-CAEB-46D7-906E-F8759F511C57}.Release|Any CPU.Build.0 = Release|Any CPU
		{8442CA2E-92A2-4092-941D-57E65D62FDE2}.Debug|Any CPU.ActiveCfg = Debug|Any CPU
		{8442CA2E-92A2-4092-941D-57E65D62FDE2}.Debug|Any CPU.Build.0 = Debug|Any CPU
		{8442CA2E-92A2-4092-941D-57E65D62FDE2}.Release|Any CPU.ActiveCfg = Release|Any CPU
		{8442CA2E-92A2-4092-941D-57E65D62FDE2}.Release|Any CPU.Build.0 = Release|Any CPU
		{C3D9C8C6-3848-4EA7-B363-0B21C386BC61}.Debug|Any CPU.ActiveCfg = Debug|Any CPU
		{C3D9C8C6-3848-4EA7-B363-0B21C386BC61}.Debug|Any CPU.Build.0 = Debug|Any CPU
		{C3D9C8C6-3848-4EA7-B363-0B21C386BC61}.Release|Any CPU.ActiveCfg = Release|Any CPU
		{C3D9C8C6-3848-4EA7-B363-0B21C386BC61}.Release|Any CPU.Build.0 = Release|Any CPU
		{5AEED968-AB81-4978-A990-5737D6665260}.Debug|Any CPU.ActiveCfg = Debug|Any CPU
		{5AEED968-AB81-4978-A990-5737D6665260}.Debug|Any CPU.Build.0 = Debug|Any CPU
		{5AEED968-AB81-4978-A990-5737D6665260}.Release|Any CPU.ActiveCfg = Release|Any CPU
		{5AEED968-AB81-4978-A990-5737D6665260}.Release|Any CPU.Build.0 = Release|Any CPU
		{F3E9FB35-D44D-4F4F-A3C8-6A40BE89582B}.Debug|Any CPU.ActiveCfg = Debug|Any CPU
		{F3E9FB35-D44D-4F4F-A3C8-6A40BE89582B}.Debug|Any CPU.Build.0 = Debug|Any CPU
		{F3E9FB35-D44D-4F4F-A3C8-6A40BE89582B}.Release|Any CPU.ActiveCfg = Release|Any CPU
		{F3E9FB35-D44D-4F4F-A3C8-6A40BE89582B}.Release|Any CPU.Build.0 = Release|Any CPU
		{E07EF8D7-5D9E-41DC-962E-A0F4FD33A385}.Debug|Any CPU.ActiveCfg = Debug|Any CPU
		{E07EF8D7-5D9E-41DC-962E-A0F4FD33A385}.Debug|Any CPU.Build.0 = Debug|Any CPU
		{E07EF8D7-5D9E-41DC-962E-A0F4FD33A385}.Release|Any CPU.ActiveCfg = Release|Any CPU
		{E07EF8D7-5D9E-41DC-962E-A0F4FD33A385}.Release|Any CPU.Build.0 = Release|Any CPU
		{BF2DADA0-1173-4442-B8C8-E7D4D508D706}.Debug|Any CPU.ActiveCfg = Debug|Any CPU
		{BF2DADA0-1173-4442-B8C8-E7D4D508D706}.Debug|Any CPU.Build.0 = Debug|Any CPU
		{BF2DADA0-1173-4442-B8C8-E7D4D508D706}.Release|Any CPU.ActiveCfg = Release|Any CPU
		{BF2DADA0-1173-4442-B8C8-E7D4D508D706}.Release|Any CPU.Build.0 = Release|Any CPU
		{D1B11C18-71FC-4577-9979-7925DF470CB9}.Debug|Any CPU.ActiveCfg = Debug|Any CPU
		{D1B11C18-71FC-4577-9979-7925DF470CB9}.Debug|Any CPU.Build.0 = Debug|Any CPU
		{D1B11C18-71FC-4577-9979-7925DF470CB9}.Release|Any CPU.ActiveCfg = Release|Any CPU
		{D1B11C18-71FC-4577-9979-7925DF470CB9}.Release|Any CPU.Build.0 = Release|Any CPU
		{9ADD2DEC-1510-4D3D-B00D-606651869E94}.Debug|Any CPU.ActiveCfg = Debug|Any CPU
		{9ADD2DEC-1510-4D3D-B00D-606651869E94}.Debug|Any CPU.Build.0 = Debug|Any CPU
		{9ADD2DEC-1510-4D3D-B00D-606651869E94}.Release|Any CPU.ActiveCfg = Release|Any CPU
		{9ADD2DEC-1510-4D3D-B00D-606651869E94}.Release|Any CPU.Build.0 = Release|Any CPU
		{5C2F3212-C9EF-4C76-935B-64A99030B180}.Debug|Any CPU.ActiveCfg = Debug|Any CPU
		{5C2F3212-C9EF-4C76-935B-64A99030B180}.Debug|Any CPU.Build.0 = Debug|Any CPU
		{5C2F3212-C9EF-4C76-935B-64A99030B180}.Release|Any CPU.ActiveCfg = Release|Any CPU
		{5C2F3212-C9EF-4C76-935B-64A99030B180}.Release|Any CPU.Build.0 = Release|Any CPU
		{9137124D-EDED-489F-92D2-85C7F5E211B4}.Debug|Any CPU.ActiveCfg = Debug|Any CPU
		{9137124D-EDED-489F-92D2-85C7F5E211B4}.Debug|Any CPU.Build.0 = Debug|Any CPU
		{9137124D-EDED-489F-92D2-85C7F5E211B4}.Release|Any CPU.ActiveCfg = Release|Any CPU
		{9137124D-EDED-489F-92D2-85C7F5E211B4}.Release|Any CPU.Build.0 = Release|Any CPU
		{5D3FD490-1B28-456A-B5B8-E9A4E3473D9B}.Debug|Any CPU.ActiveCfg = Debug|Any CPU
		{5D3FD490-1B28-456A-B5B8-E9A4E3473D9B}.Debug|Any CPU.Build.0 = Debug|Any CPU
		{5D3FD490-1B28-456A-B5B8-E9A4E3473D9B}.Release|Any CPU.ActiveCfg = Release|Any CPU
		{5D3FD490-1B28-456A-B5B8-E9A4E3473D9B}.Release|Any CPU.Build.0 = Release|Any CPU
		{FED60922-8B6F-44DF-BA48-5C4B3132D818}.Debug|Any CPU.ActiveCfg = Debug|Any CPU
		{FED60922-8B6F-44DF-BA48-5C4B3132D818}.Debug|Any CPU.Build.0 = Debug|Any CPU
		{FED60922-8B6F-44DF-BA48-5C4B3132D818}.Release|Any CPU.ActiveCfg = Release|Any CPU
		{FED60922-8B6F-44DF-BA48-5C4B3132D818}.Release|Any CPU.Build.0 = Release|Any CPU
		{DDAFEC9E-3D83-4D41-A56D-E83B2DCA6D6B}.Debug|Any CPU.ActiveCfg = Debug|Any CPU
		{DDAFEC9E-3D83-4D41-A56D-E83B2DCA6D6B}.Debug|Any CPU.Build.0 = Debug|Any CPU
		{DDAFEC9E-3D83-4D41-A56D-E83B2DCA6D6B}.Release|Any CPU.ActiveCfg = Release|Any CPU
		{DDAFEC9E-3D83-4D41-A56D-E83B2DCA6D6B}.Release|Any CPU.Build.0 = Release|Any CPU
		{8E148944-D62F-42DB-A818-8ED3503324CB}.Debug|Any CPU.ActiveCfg = Debug|Any CPU
		{8E148944-D62F-42DB-A818-8ED3503324CB}.Debug|Any CPU.Build.0 = Debug|Any CPU
		{8E148944-D62F-42DB-A818-8ED3503324CB}.Release|Any CPU.ActiveCfg = Release|Any CPU
		{8E148944-D62F-42DB-A818-8ED3503324CB}.Release|Any CPU.Build.0 = Release|Any CPU
		{27C60BC7-5613-4C3A-BF10-6FA4F7BCA431}.Debug|Any CPU.ActiveCfg = Debug|Any CPU
		{27C60BC7-5613-4C3A-BF10-6FA4F7BCA431}.Debug|Any CPU.Build.0 = Debug|Any CPU
		{27C60BC7-5613-4C3A-BF10-6FA4F7BCA431}.Release|Any CPU.ActiveCfg = Release|Any CPU
		{27C60BC7-5613-4C3A-BF10-6FA4F7BCA431}.Release|Any CPU.Build.0 = Release|Any CPU
		{B3648D7F-90C9-4C24-8C0E-0F2CB36F7466}.Debug|Any CPU.ActiveCfg = Debug|Any CPU
		{B3648D7F-90C9-4C24-8C0E-0F2CB36F7466}.Debug|Any CPU.Build.0 = Debug|Any CPU
		{B3648D7F-90C9-4C24-8C0E-0F2CB36F7466}.Release|Any CPU.ActiveCfg = Release|Any CPU
		{B3648D7F-90C9-4C24-8C0E-0F2CB36F7466}.Release|Any CPU.Build.0 = Release|Any CPU
		{57C63FF6-7BEB-4DDC-8730-922AA0AF7FF1}.Debug|Any CPU.ActiveCfg = Debug|Any CPU
		{57C63FF6-7BEB-4DDC-8730-922AA0AF7FF1}.Debug|Any CPU.Build.0 = Debug|Any CPU
		{57C63FF6-7BEB-4DDC-8730-922AA0AF7FF1}.Release|Any CPU.ActiveCfg = Release|Any CPU
		{57C63FF6-7BEB-4DDC-8730-922AA0AF7FF1}.Release|Any CPU.Build.0 = Release|Any CPU
		{0DBA1555-72FF-4EDB-9E59-1C52F103537C}.Debug|Any CPU.ActiveCfg = Debug|Any CPU
		{0DBA1555-72FF-4EDB-9E59-1C52F103537C}.Debug|Any CPU.Build.0 = Debug|Any CPU
		{0DBA1555-72FF-4EDB-9E59-1C52F103537C}.Release|Any CPU.ActiveCfg = Release|Any CPU
		{0DBA1555-72FF-4EDB-9E59-1C52F103537C}.Release|Any CPU.Build.0 = Release|Any CPU
		{0CF3AFA6-A7FB-4987-AB02-75837AC999E9}.Debug|Any CPU.ActiveCfg = Debug|Any CPU
		{0CF3AFA6-A7FB-4987-AB02-75837AC999E9}.Debug|Any CPU.Build.0 = Debug|Any CPU
		{0CF3AFA6-A7FB-4987-AB02-75837AC999E9}.Release|Any CPU.ActiveCfg = Release|Any CPU
		{0CF3AFA6-A7FB-4987-AB02-75837AC999E9}.Release|Any CPU.Build.0 = Release|Any CPU
	EndGlobalSection
	GlobalSection(NestedProjects) = preSolution
		{D77B1D23-DFF0-43C7-BF56-A854DCBF5BE1} = {4F9193B9-1D84-440A-A048-B21ECB366C97}
		{94FD3DB2-8D4C-441C-908E-77A1141AB2D7} = {79A1FF8B-8421-4DE8-B26B-CA7966BF5865}
		{805384A3-3A34-4BD8-A109-B6CAD83B091E} = {79A1FF8B-8421-4DE8-B26B-CA7966BF5865}
		{E768EF9F-B3A1-452A-9579-55612FDB8DA4} = {79A1FF8B-8421-4DE8-B26B-CA7966BF5865}
		{4EE13048-5202-4FFE-BFDC-1DC364229F41} = {79A1FF8B-8421-4DE8-B26B-CA7966BF5865}
		{0492F015-199F-49D0-89BA-BB6AFAD98808} = {79A1FF8B-8421-4DE8-B26B-CA7966BF5865}
		{50996556-94E6-46A5-81C3-514B37B871C4} = {79A1FF8B-8421-4DE8-B26B-CA7966BF5865}
		{675F993B-949F-4DDA-ACF5-AA5E49DC955D} = {79A1FF8B-8421-4DE8-B26B-CA7966BF5865}
		{D6F8986F-6E3D-43E9-A3DD-F66A7B4845FB} = {79A1FF8B-8421-4DE8-B26B-CA7966BF5865}
		{E07EF8D7-5D9E-41DC-962E-A0F4FD33A385} = {4F9193B9-1D84-440A-A048-B21ECB366C97}
		{D1B11C18-71FC-4577-9979-7925DF470CB9} = {79A1FF8B-8421-4DE8-B26B-CA7966BF5865}
		{9ADD2DEC-1510-4D3D-B00D-606651869E94} = {79A1FF8B-8421-4DE8-B26B-CA7966BF5865}
		{5C2F3212-C9EF-4C76-935B-64A99030B180} = {79A1FF8B-8421-4DE8-B26B-CA7966BF5865}
		{9137124D-EDED-489F-92D2-85C7F5E211B4} = {79A1FF8B-8421-4DE8-B26B-CA7966BF5865}
		{5D3FD490-1B28-456A-B5B8-E9A4E3473D9B} = {79A1FF8B-8421-4DE8-B26B-CA7966BF5865}
		{FED60922-8B6F-44DF-BA48-5C4B3132D818} = {79A1FF8B-8421-4DE8-B26B-CA7966BF5865}
		{DDAFEC9E-3D83-4D41-A56D-E83B2DCA6D6B} = {79A1FF8B-8421-4DE8-B26B-CA7966BF5865}
		{8E148944-D62F-42DB-A818-8ED3503324CB} = {79A1FF8B-8421-4DE8-B26B-CA7966BF5865}
		{27C60BC7-5613-4C3A-BF10-6FA4F7BCA431} = {79A1FF8B-8421-4DE8-B26B-CA7966BF5865}
	EndGlobalSection
EndGlobal
