
Microsoft Visual Studio Solution File, Format Version 12.00
Project("{FAE04EC0-301F-11D3-BF4B-00C04F79EFBC}") = "_1480_Running_Sum_Of_1d_Array", "_1480_Running_Sum_Of_1d_Array\_1480_Running_Sum_Of_1d_Array.csproj", "{08E826E7-9E00-4091-A571-1B57650D6BA6}"
EndProject
Project("{FAE04EC0-301F-11D3-BF4B-00C04F79EFBC}") = "_1672_Richest_Customer_Wealth", "_1672_Richest_Customer_Wealth\_1672_Richest_Customer_Wealth.csproj", "{BC012BF2-2969-4674-B150-FD6A15F62AAA}"
EndProject
Project("{2150E333-8FDC-42A3-9474-1A3956D46DE8}") = "readme", "readme", "{97CB26CE-DDFE-4C5D-8A55-6527007F4F4A}"
	ProjectSection(SolutionItems) = preProject
		..\README.md = ..\README.md
	EndProjectSection
EndProject
Project("{FAE04EC0-301F-11D3-BF4B-00C04F79EFBC}") = "_412_Fizz_Buzz", "_412_Fizz_Buzz\_412_Fizz_Buzz.csproj", "{E2DAFFAD-371E-4162-B600-2C51777722F0}"
EndProject
Project("{FAE04EC0-301F-11D3-BF4B-00C04F79EFBC}") = "_1342_Number_Of_Steps_To_Reduce_A_Number_To_Zero", "_1342_Number_Of_Steps_To_Reduce_A_Number_To_Zero\_1342_Number_Of_Steps_To_Reduce_A_Number_To_Zero.csproj", "{63E3D535-3649-4834-9895-788BA0274B31}"
EndProject
Project("{FAE04EC0-301F-11D3-BF4B-00C04F79EFBC}") = "_876_Middle_Of_The_Linked_List", "_876_Middle_Of_The_Linked_List\_876_Middle_Of_The_Linked_List.csproj", "{15CF6104-B362-405E-9DD4-F2815EA51A06}"
EndProject
Project("{FAE04EC0-301F-11D3-BF4B-00C04F79EFBC}") = "_443_String_Compression", "_443_String_Compression\_443_String_Compression.csproj", "{C5EED2E2-FEEC-442B-BF0E-5E5B1F79B77D}"
EndProject
Project("{FAE04EC0-301F-11D3-BF4B-00C04F79EFBC}") = "_383_Ransom_Note", "_383_Ransom_Note\_383_Ransom_Note.csproj", "{F644D42F-851F-4753-93B8-257A283EEC44}"
EndProject
Project("{FAE04EC0-301F-11D3-BF4B-00C04F79EFBC}") = "_9_Palindrome_Number", "_9_Palindrome_Number\_9_Palindrome_Number.csproj", "{2EDFEDAE-EC20-4CDC-8147-988A0FBE3A45}"
EndProject
Project("{FAE04EC0-301F-11D3-BF4B-00C04F79EFBC}") = "_3079_Find_the_Sum_of_Encrypted_Integers", "_3079_Find_the_Sum_of_Encrypted_Integers\_3079_Find_the_Sum_of_Encrypted_Integers.csproj", "{045956EC-C9F2-4A84-BE06-C7BEC5533CE5}"
EndProject
Project("{FAE04EC0-301F-11D3-BF4B-00C04F79EFBC}") = "_2114_Maximum_Number_of_Words_Found_in_Sentences", "_2114_Maximum_Number_of_Words_Found_in_Sentences\_2114_Maximum_Number_of_Words_Found_in_Sentences.csproj", "{18D9E3BC-3A35-49A3-B005-E2D4760E99B1}"
EndProject
Project("{FAE04EC0-301F-11D3-BF4B-00C04F79EFBC}") = "_2427_Number_of_Common_Factors", "_2427_Number_of_Common_Factors\_2427_Number_of_Common_Factors.csproj", "{00C11C28-3F35-437B-98AD-3698380F3550}"
EndProject
Project("{FAE04EC0-301F-11D3-BF4B-00C04F79EFBC}") = "_2_Add_Two_Numbers", "_2_Add_Two_Numbers\_2_Add_Two_Numbers.csproj", "{C53630F6-AB25-4A71-9464-753CE07C9FB8}"
EndProject
Project("{FAE04EC0-301F-11D3-BF4B-00C04F79EFBC}") = "_2206_Divide_Array_Into_Equal_Pairs", "_2206_Divide_Array_Into_Equal_Pairs\_2206_Divide_Array_Into_Equal_Pairs.csproj", "{093DA72C-F080-47D4-9F91-5EB11E543791}"
EndProject
Project("{FAE04EC0-301F-11D3-BF4B-00C04F79EFBC}") = "_26_Remove_Duplicates_from_Sorted_Array", "_26_Remove_Duplicates_from_Sorted_Array\_26_Remove_Duplicates_from_Sorted_Array.csproj", "{C52FB74B-8BBC-4FAD-B2BD-07D36A708F29}"
EndProject
Project("{FAE04EC0-301F-11D3-BF4B-00C04F79EFBC}") = "_27_Remove_Element", "_27_Remove_Element\_27_Remove_Element.csproj", "{A205EC76-FF92-4175-AC5C-6A0D8CB6E57D}"
EndProject
Project("{FAE04EC0-301F-11D3-BF4B-00C04F79EFBC}") = "_1346_Check_If_N_and_Its_Double_Exist", "_1346_Check_If_N_and_Its_Double_Exist\_1346_Check_If_N_and_Its_Double_Exist.csproj", "{C15CE962-D9A7-4B26-97EC-5700CF6208DE}"
EndProject
Project("{FAE04EC0-301F-11D3-BF4B-00C04F79EFBC}") = "_941_Valid_Mountain_Array", "_941_Valid_Mountain_Array\_941_Valid_Mountain_Array.csproj", "{26D087D0-357B-4F79-8375-B027037B24D8}"
EndProject
Project("{FAE04EC0-301F-11D3-BF4B-00C04F79EFBC}") = "_941_Valid_Mountain_Array_Benchmark", "_941_Valid_Mountain_Array_Benchmark\_941_Valid_Mountain_Array_Benchmark.csproj", "{8A0D55CF-D5EE-4F77-9864-E908C362A74F}"
EndProject
Project("{FAE04EC0-301F-11D3-BF4B-00C04F79EFBC}") = "_1299_Replace_Elements_with_Greatest_Element_on_Right_Side", "_1299_Replace_Elements_with_Greatest_Element_on_Right_Side\_1299_Replace_Elements_with_Greatest_Element_on_Right_Side.csproj", "{64E6060A-6ED3-48D0-8389-7D8D3C26A405}"
EndProject
Project("{2150E333-8FDC-42A3-9474-1A3956D46DE8}") = "Visualization", "Visualization", "{4F9193B9-1D84-440A-A048-B21ECB366C97}"
EndProject
Project("{FAE04EC0-301F-11D3-BF4B-00C04F79EFBC}") = "TestConsole", "TestConsole\TestConsole.csproj", "{D77B1D23-DFF0-43C7-BF56-A854DCBF5BE1}"
EndProject
Project("{FAE04EC0-301F-11D3-BF4B-00C04F79EFBC}") = "_283_Move_Zeroes", "_283_Move_Zeroes\_283_Move_Zeroes.csproj", "{0772EC3A-86AB-4989-8311-4C129BEB66D0}"
EndProject
Project("{FAE04EC0-301F-11D3-BF4B-00C04F79EFBC}") = "_905_Sort_Array_By_Parity", "_905_Sort_Array_By_Parity\_905_Sort_Array_By_Parity.csproj", "{0EA89948-A459-4D61-8654-C058AEB037FC}"
EndProject
Project("{FAE04EC0-301F-11D3-BF4B-00C04F79EFBC}") = "_1051_Height_Checker", "_1051_Height_Checker\_1051_Height_Checker.csproj", "{DECFAC04-1674-4A91-B4D5-51271C261BDF}"
EndProject
Global
	GlobalSection(SolutionConfigurationPlatforms) = preSolution
		Debug|Any CPU = Debug|Any CPU
		Release|Any CPU = Release|Any CPU
	EndGlobalSection
	GlobalSection(ProjectConfigurationPlatforms) = postSolution
		{08E826E7-9E00-4091-A571-1B57650D6BA6}.Debug|Any CPU.ActiveCfg = Debug|Any CPU
		{08E826E7-9E00-4091-A571-1B57650D6BA6}.Debug|Any CPU.Build.0 = Debug|Any CPU
		{08E826E7-9E00-4091-A571-1B57650D6BA6}.Release|Any CPU.ActiveCfg = Release|Any CPU
		{08E826E7-9E00-4091-A571-1B57650D6BA6}.Release|Any CPU.Build.0 = Release|Any CPU
		{BC012BF2-2969-4674-B150-FD6A15F62AAA}.Debug|Any CPU.ActiveCfg = Debug|Any CPU
		{BC012BF2-2969-4674-B150-FD6A15F62AAA}.Debug|Any CPU.Build.0 = Debug|Any CPU
		{BC012BF2-2969-4674-B150-FD6A15F62AAA}.Release|Any CPU.ActiveCfg = Release|Any CPU
		{BC012BF2-2969-4674-B150-FD6A15F62AAA}.Release|Any CPU.Build.0 = Release|Any CPU
		{E2DAFFAD-371E-4162-B600-2C51777722F0}.Debug|Any CPU.ActiveCfg = Debug|Any CPU
		{E2DAFFAD-371E-4162-B600-2C51777722F0}.Debug|Any CPU.Build.0 = Debug|Any CPU
		{E2DAFFAD-371E-4162-B600-2C51777722F0}.Release|Any CPU.ActiveCfg = Release|Any CPU
		{E2DAFFAD-371E-4162-B600-2C51777722F0}.Release|Any CPU.Build.0 = Release|Any CPU
		{63E3D535-3649-4834-9895-788BA0274B31}.Debug|Any CPU.ActiveCfg = Debug|Any CPU
		{63E3D535-3649-4834-9895-788BA0274B31}.Debug|Any CPU.Build.0 = Debug|Any CPU
		{63E3D535-3649-4834-9895-788BA0274B31}.Release|Any CPU.ActiveCfg = Release|Any CPU
		{63E3D535-3649-4834-9895-788BA0274B31}.Release|Any CPU.Build.0 = Release|Any CPU
		{15CF6104-B362-405E-9DD4-F2815EA51A06}.Debug|Any CPU.ActiveCfg = Debug|Any CPU
		{15CF6104-B362-405E-9DD4-F2815EA51A06}.Debug|Any CPU.Build.0 = Debug|Any CPU
		{15CF6104-B362-405E-9DD4-F2815EA51A06}.Release|Any CPU.ActiveCfg = Release|Any CPU
		{15CF6104-B362-405E-9DD4-F2815EA51A06}.Release|Any CPU.Build.0 = Release|Any CPU
		{C5EED2E2-FEEC-442B-BF0E-5E5B1F79B77D}.Debug|Any CPU.ActiveCfg = Debug|Any CPU
		{C5EED2E2-FEEC-442B-BF0E-5E5B1F79B77D}.Debug|Any CPU.Build.0 = Debug|Any CPU
		{C5EED2E2-FEEC-442B-BF0E-5E5B1F79B77D}.Release|Any CPU.ActiveCfg = Release|Any CPU
		{C5EED2E2-FEEC-442B-BF0E-5E5B1F79B77D}.Release|Any CPU.Build.0 = Release|Any CPU
		{F644D42F-851F-4753-93B8-257A283EEC44}.Debug|Any CPU.ActiveCfg = Debug|Any CPU
		{F644D42F-851F-4753-93B8-257A283EEC44}.Debug|Any CPU.Build.0 = Debug|Any CPU
		{F644D42F-851F-4753-93B8-257A283EEC44}.Release|Any CPU.ActiveCfg = Release|Any CPU
		{F644D42F-851F-4753-93B8-257A283EEC44}.Release|Any CPU.Build.0 = Release|Any CPU
		{2EDFEDAE-EC20-4CDC-8147-988A0FBE3A45}.Debug|Any CPU.ActiveCfg = Debug|Any CPU
		{2EDFEDAE-EC20-4CDC-8147-988A0FBE3A45}.Debug|Any CPU.Build.0 = Debug|Any CPU
		{2EDFEDAE-EC20-4CDC-8147-988A0FBE3A45}.Release|Any CPU.ActiveCfg = Release|Any CPU
		{2EDFEDAE-EC20-4CDC-8147-988A0FBE3A45}.Release|Any CPU.Build.0 = Release|Any CPU
		{045956EC-C9F2-4A84-BE06-C7BEC5533CE5}.Debug|Any CPU.ActiveCfg = Debug|Any CPU
		{045956EC-C9F2-4A84-BE06-C7BEC5533CE5}.Debug|Any CPU.Build.0 = Debug|Any CPU
		{045956EC-C9F2-4A84-BE06-C7BEC5533CE5}.Release|Any CPU.ActiveCfg = Release|Any CPU
		{045956EC-C9F2-4A84-BE06-C7BEC5533CE5}.Release|Any CPU.Build.0 = Release|Any CPU
		{18D9E3BC-3A35-49A3-B005-E2D4760E99B1}.Debug|Any CPU.ActiveCfg = Debug|Any CPU
		{18D9E3BC-3A35-49A3-B005-E2D4760E99B1}.Debug|Any CPU.Build.0 = Debug|Any CPU
		{18D9E3BC-3A35-49A3-B005-E2D4760E99B1}.Release|Any CPU.ActiveCfg = Release|Any CPU
		{18D9E3BC-3A35-49A3-B005-E2D4760E99B1}.Release|Any CPU.Build.0 = Release|Any CPU
		{00C11C28-3F35-437B-98AD-3698380F3550}.Debug|Any CPU.ActiveCfg = Debug|Any CPU
		{00C11C28-3F35-437B-98AD-3698380F3550}.Debug|Any CPU.Build.0 = Debug|Any CPU
		{00C11C28-3F35-437B-98AD-3698380F3550}.Release|Any CPU.ActiveCfg = Release|Any CPU
		{00C11C28-3F35-437B-98AD-3698380F3550}.Release|Any CPU.Build.0 = Release|Any CPU
		{C53630F6-AB25-4A71-9464-753CE07C9FB8}.Debug|Any CPU.ActiveCfg = Debug|Any CPU
		{C53630F6-AB25-4A71-9464-753CE07C9FB8}.Debug|Any CPU.Build.0 = Debug|Any CPU
		{C53630F6-AB25-4A71-9464-753CE07C9FB8}.Release|Any CPU.ActiveCfg = Release|Any CPU
		{C53630F6-AB25-4A71-9464-753CE07C9FB8}.Release|Any CPU.Build.0 = Release|Any CPU
		{093DA72C-F080-47D4-9F91-5EB11E543791}.Debug|Any CPU.ActiveCfg = Debug|Any CPU
		{093DA72C-F080-47D4-9F91-5EB11E543791}.Debug|Any CPU.Build.0 = Debug|Any CPU
		{093DA72C-F080-47D4-9F91-5EB11E543791}.Release|Any CPU.ActiveCfg = Release|Any CPU
		{093DA72C-F080-47D4-9F91-5EB11E543791}.Release|Any CPU.Build.0 = Release|Any CPU
		{C52FB74B-8BBC-4FAD-B2BD-07D36A708F29}.Debug|Any CPU.ActiveCfg = Debug|Any CPU
		{C52FB74B-8BBC-4FAD-B2BD-07D36A708F29}.Debug|Any CPU.Build.0 = Debug|Any CPU
		{C52FB74B-8BBC-4FAD-B2BD-07D36A708F29}.Release|Any CPU.ActiveCfg = Release|Any CPU
		{C52FB74B-8BBC-4FAD-B2BD-07D36A708F29}.Release|Any CPU.Build.0 = Release|Any CPU
		{A205EC76-FF92-4175-AC5C-6A0D8CB6E57D}.Debug|Any CPU.ActiveCfg = Debug|Any CPU
		{A205EC76-FF92-4175-AC5C-6A0D8CB6E57D}.Debug|Any CPU.Build.0 = Debug|Any CPU
		{A205EC76-FF92-4175-AC5C-6A0D8CB6E57D}.Release|Any CPU.ActiveCfg = Release|Any CPU
		{A205EC76-FF92-4175-AC5C-6A0D8CB6E57D}.Release|Any CPU.Build.0 = Release|Any CPU
		{C15CE962-D9A7-4B26-97EC-5700CF6208DE}.Debug|Any CPU.ActiveCfg = Debug|Any CPU
		{C15CE962-D9A7-4B26-97EC-5700CF6208DE}.Debug|Any CPU.Build.0 = Debug|Any CPU
		{C15CE962-D9A7-4B26-97EC-5700CF6208DE}.Release|Any CPU.ActiveCfg = Release|Any CPU
		{C15CE962-D9A7-4B26-97EC-5700CF6208DE}.Release|Any CPU.Build.0 = Release|Any CPU
		{26D087D0-357B-4F79-8375-B027037B24D8}.Debug|Any CPU.ActiveCfg = Debug|Any CPU
		{26D087D0-357B-4F79-8375-B027037B24D8}.Debug|Any CPU.Build.0 = Debug|Any CPU
		{26D087D0-357B-4F79-8375-B027037B24D8}.Release|Any CPU.ActiveCfg = Release|Any CPU
		{26D087D0-357B-4F79-8375-B027037B24D8}.Release|Any CPU.Build.0 = Release|Any CPU
		{8A0D55CF-D5EE-4F77-9864-E908C362A74F}.Debug|Any CPU.ActiveCfg = Debug|Any CPU
		{8A0D55CF-D5EE-4F77-9864-E908C362A74F}.Debug|Any CPU.Build.0 = Debug|Any CPU
		{8A0D55CF-D5EE-4F77-9864-E908C362A74F}.Release|Any CPU.ActiveCfg = Release|Any CPU
		{8A0D55CF-D5EE-4F77-9864-E908C362A74F}.Release|Any CPU.Build.0 = Release|Any CPU
		{64E6060A-6ED3-48D0-8389-7D8D3C26A405}.Debug|Any CPU.ActiveCfg = Debug|Any CPU
		{64E6060A-6ED3-48D0-8389-7D8D3C26A405}.Debug|Any CPU.Build.0 = Debug|Any CPU
		{64E6060A-6ED3-48D0-8389-7D8D3C26A405}.Release|Any CPU.ActiveCfg = Release|Any CPU
		{64E6060A-6ED3-48D0-8389-7D8D3C26A405}.Release|Any CPU.Build.0 = Release|Any CPU
		{D77B1D23-DFF0-43C7-BF56-A854DCBF5BE1}.Debug|Any CPU.ActiveCfg = Debug|Any CPU
		{D77B1D23-DFF0-43C7-BF56-A854DCBF5BE1}.Debug|Any CPU.Build.0 = Debug|Any CPU
		{D77B1D23-DFF0-43C7-BF56-A854DCBF5BE1}.Release|Any CPU.ActiveCfg = Release|Any CPU
		{D77B1D23-DFF0-43C7-BF56-A854DCBF5BE1}.Release|Any CPU.Build.0 = Release|Any CPU
		{0772EC3A-86AB-4989-8311-4C129BEB66D0}.Debug|Any CPU.ActiveCfg = Debug|Any CPU
		{0772EC3A-86AB-4989-8311-4C129BEB66D0}.Debug|Any CPU.Build.0 = Debug|Any CPU
		{0772EC3A-86AB-4989-8311-4C129BEB66D0}.Release|Any CPU.ActiveCfg = Release|Any CPU
		{0772EC3A-86AB-4989-8311-4C129BEB66D0}.Release|Any CPU.Build.0 = Release|Any CPU
		{0EA89948-A459-4D61-8654-C058AEB037FC}.Debug|Any CPU.ActiveCfg = Debug|Any CPU
		{0EA89948-A459-4D61-8654-C058AEB037FC}.Debug|Any CPU.Build.0 = Debug|Any CPU
		{0EA89948-A459-4D61-8654-C058AEB037FC}.Release|Any CPU.ActiveCfg = Release|Any CPU
		{0EA89948-A459-4D61-8654-C058AEB037FC}.Release|Any CPU.Build.0 = Release|Any CPU
		{DECFAC04-1674-4A91-B4D5-51271C261BDF}.Debug|Any CPU.ActiveCfg = Debug|Any CPU
		{DECFAC04-1674-4A91-B4D5-51271C261BDF}.Debug|Any CPU.Build.0 = Debug|Any CPU
		{DECFAC04-1674-4A91-B4D5-51271C261BDF}.Release|Any CPU.ActiveCfg = Release|Any CPU
		{DECFAC04-1674-4A91-B4D5-51271C261BDF}.Release|Any CPU.Build.0 = Release|Any CPU
	EndGlobalSection
	GlobalSection(NestedProjects) = preSolution
		{D77B1D23-DFF0-43C7-BF56-A854DCBF5BE1} = {4F9193B9-1D84-440A-A048-B21ECB366C97}
	EndGlobalSection
EndGlobal
